// !$*UTF8*$!
{
	archiveVersion = 1;
	classes = {
	};
	objectVersion = 46;
	objects = {

/* Begin PBXBuildFile section */
		A31A078719FC023700017DA9 /* main.m in Sources */ = {isa = PBXBuildFile; fileRef = A31A078619FC023700017DA9 /* main.m */; };
		A31A078A19FC023700017DA9 /* AppDelegate.m in Sources */ = {isa = PBXBuildFile; fileRef = A31A078919FC023700017DA9 /* AppDelegate.m */; };
		A31A079019FC023700017DA9 /* Main.storyboard in Resources */ = {isa = PBXBuildFile; fileRef = A31A078E19FC023700017DA9 /* Main.storyboard */; };
		A31A079219FC023700017DA9 /* Images.xcassets in Resources */ = {isa = PBXBuildFile; fileRef = A31A079119FC023700017DA9 /* Images.xcassets */; };
		A31A079519FC023700017DA9 /* LaunchScreen.xib in Resources */ = {isa = PBXBuildFile; fileRef = A31A079319FC023700017DA9 /* LaunchScreen.xib */; };
		A31A07A119FC023700017DA9 /* Flatiron_AppTests.m in Sources */ = {isa = PBXBuildFile; fileRef = A31A07A019FC023700017DA9 /* Flatiron_AppTests.m */; };
		A31A07AC19FC090100017DA9 /* ProfileViewController.m in Sources */ = {isa = PBXBuildFile; fileRef = A31A07AB19FC090100017DA9 /* ProfileViewController.m */; };
		A31A07B019FC0A1200017DA9 /* EveryoneTableTableViewController.m in Sources */ = {isa = PBXBuildFile; fileRef = A31A07AF19FC0A1200017DA9 /* EveryoneTableTableViewController.m */; };
		A31A07B319FC0DE800017DA9 /* CalendarViewController.m in Sources */ = {isa = PBXBuildFile; fileRef = A31A07B219FC0DE800017DA9 /* CalendarViewController.m */; };
		A31A07B619FC0EB300017DA9 /* AlertsTableTableViewController.m in Sources */ = {isa = PBXBuildFile; fileRef = A31A07B519FC0EB300017DA9 /* AlertsTableTableViewController.m */; };
		A3909D3E19FD89E400C640E2 /* AddEventViewController.m in Sources */ = {isa = PBXBuildFile; fileRef = A3909D3D19FD89E400C640E2 /* AddEventViewController.m */; };
		A3909D4219FD89F200C640E2 /* DMLazyScrollView.m in Sources */ = {isa = PBXBuildFile; fileRef = A3909D4119FD89F200C640E2 /* DMLazyScrollView.m */; };
		A3909D4819FD8A0000C640E2 /* SACalendar.m in Sources */ = {isa = PBXBuildFile; fileRef = A3909D4419FD8A0000C640E2 /* SACalendar.m */; };
		A3909D4919FD8A0000C640E2 /* SACalendarCell.m in Sources */ = {isa = PBXBuildFile; fileRef = A3909D4619FD8A0000C640E2 /* SACalendarCell.m */; };
		A3909D4D19FD8BF100C640E2 /* DateUtil.m in Sources */ = {isa = PBXBuildFile; fileRef = A3909D4C19FD8BF100C640E2 /* DateUtil.m */; };
		A3909D5019FD9A2500C640E2 /* OnboardingViewController.m in Sources */ = {isa = PBXBuildFile; fileRef = A3909D4F19FD9A2500C640E2 /* OnboardingViewController.m */; };
		A3909D5319FD9C5800C640E2 /* LoginViewController.m in Sources */ = {isa = PBXBuildFile; fileRef = A3909D5219FD9C5800C640E2 /* LoginViewController.m */; };
		A3909D5519FD9D0700C640E2 /* flatiron-logo.jpg in Resources */ = {isa = PBXBuildFile; fileRef = A3909D5419FD9D0700C640E2 /* flatiron-logo.jpg */; };
		A3C3A08D19FF093500676BDA /* EventCalendarCell.m in Sources */ = {isa = PBXBuildFile; fileRef = A3C3A08C19FF093500676BDA /* EventCalendarCell.m */; };
		B4820A4E0261E8D463ECB1B9 /* libPods-Flatiron-App.a in Frameworks */ = {isa = PBXBuildFile; fileRef = 542557DF3D518B20213FD004 /* libPods-Flatiron-App.a */; };
		CB312F4219FC26CD009EFEA9 /* Steve-Carell-Brick-Tamland-Anchorman.png in Resources */ = {isa = PBXBuildFile; fileRef = CB312F4119FC26CD009EFEA9 /* Steve-Carell-Brick-Tamland-Anchorman.png */; };
		CB312F4419FC3A24009EFEA9 /* edit.png in Resources */ = {isa = PBXBuildFile; fileRef = CB312F4319FC3A24009EFEA9 /* edit.png */; };
		CB312F4819FC4157009EFEA9 /* Model.xcdatamodeld in Sources */ = {isa = PBXBuildFile; fileRef = CB312F4619FC4157009EFEA9 /* Model.xcdatamodeld */; };
		CB312F5C19FC4B69009EFEA9 /* CoreData.framework in Frameworks */ = {isa = PBXBuildFile; fileRef = CB312F5B19FC4B69009EFEA9 /* CoreData.framework */; };
		CB312F6319FC5ECA009EFEA9 /* professional-profiles.png in Resources */ = {isa = PBXBuildFile; fileRef = CB312F6219FC5ECA009EFEA9 /* professional-profiles.png */; };
		CB312F8F19FD674D009EFEA9 /* facebook.png in Resources */ = {isa = PBXBuildFile; fileRef = CB312F8A19FD674D009EFEA9 /* facebook.png */; };
		CB312F9019FD674D009EFEA9 /* github.png in Resources */ = {isa = PBXBuildFile; fileRef = CB312F8B19FD674D009EFEA9 /* github.png */; };
		CB312F9119FD674D009EFEA9 /* google_plus.png in Resources */ = {isa = PBXBuildFile; fileRef = CB312F8C19FD674D009EFEA9 /* google_plus.png */; };
		CB312F9219FD674D009EFEA9 /* linkedin.png in Resources */ = {isa = PBXBuildFile; fileRef = CB312F8D19FD674D009EFEA9 /* linkedin.png */; };
		CB312F9319FD674D009EFEA9 /* twitter.png in Resources */ = {isa = PBXBuildFile; fileRef = CB312F8E19FD674D009EFEA9 /* twitter.png */; };
		CB312FAD19FD91B2009EFEA9 /* twitterGray.png in Resources */ = {isa = PBXBuildFile; fileRef = CB312FAC19FD91B2009EFEA9 /* twitterGray.png */; };
		CB312FB119FD95A3009EFEA9 /* facebookGray.png in Resources */ = {isa = PBXBuildFile; fileRef = CB312FAE19FD95A3009EFEA9 /* facebookGray.png */; };
		CB312FB219FD95A3009EFEA9 /* githubGray.png in Resources */ = {isa = PBXBuildFile; fileRef = CB312FAF19FD95A3009EFEA9 /* githubGray.png */; };
		CB312FB319FD95A3009EFEA9 /* linkedinGray.png in Resources */ = {isa = PBXBuildFile; fileRef = CB312FB019FD95A3009EFEA9 /* linkedinGray.png */; };
		CB46ECE319FEF9410017CC83 /* MeViewController.m in Sources */ = {isa = PBXBuildFile; fileRef = CB46ECE219FEF9410017CC83 /* MeViewController.m */; };
/* End PBXBuildFile section */

/* Begin PBXContainerItemProxy section */
		A31A079B19FC023700017DA9 /* PBXContainerItemProxy */ = {
			isa = PBXContainerItemProxy;
			containerPortal = A31A077919FC023700017DA9 /* Project object */;
			proxyType = 1;
			remoteGlobalIDString = A31A078019FC023700017DA9;
			remoteInfo = "Flatiron-App";
		};
/* End PBXContainerItemProxy section */

/* Begin PBXFileReference section */
		079AD0467D8E6C11E28287D6 /* Pods-Flatiron-App.debug.xcconfig */ = {isa = PBXFileReference; includeInIndex = 1; lastKnownFileType = text.xcconfig; name = "Pods-Flatiron-App.debug.xcconfig"; path = "Pods/Target Support Files/Pods-Flatiron-App/Pods-Flatiron-App.debug.xcconfig"; sourceTree = "<group>"; };
		396FAD175C794EF82B6E470F /* Pods-Flatiron-App.release.xcconfig */ = {isa = PBXFileReference; includeInIndex = 1; lastKnownFileType = text.xcconfig; name = "Pods-Flatiron-App.release.xcconfig"; path = "Pods/Target Support Files/Pods-Flatiron-App/Pods-Flatiron-App.release.xcconfig"; sourceTree = "<group>"; };
		542557DF3D518B20213FD004 /* libPods-Flatiron-App.a */ = {isa = PBXFileReference; explicitFileType = archive.ar; includeInIndex = 0; path = "libPods-Flatiron-App.a"; sourceTree = BUILT_PRODUCTS_DIR; };
		A31A078119FC023700017DA9 /* Flatiron-App.app */ = {isa = PBXFileReference; explicitFileType = wrapper.application; includeInIndex = 0; path = "Flatiron-App.app"; sourceTree = BUILT_PRODUCTS_DIR; };
		A31A078519FC023700017DA9 /* Info.plist */ = {isa = PBXFileReference; lastKnownFileType = text.plist.xml; path = Info.plist; sourceTree = "<group>"; };
		A31A078619FC023700017DA9 /* main.m */ = {isa = PBXFileReference; lastKnownFileType = sourcecode.c.objc; path = main.m; sourceTree = "<group>"; };
		A31A078819FC023700017DA9 /* AppDelegate.h */ = {isa = PBXFileReference; lastKnownFileType = sourcecode.c.h; path = AppDelegate.h; sourceTree = "<group>"; };
		A31A078919FC023700017DA9 /* AppDelegate.m */ = {isa = PBXFileReference; lastKnownFileType = sourcecode.c.objc; path = AppDelegate.m; sourceTree = "<group>"; };
		A31A078F19FC023700017DA9 /* Base */ = {isa = PBXFileReference; lastKnownFileType = file.storyboard; name = Base; path = Base.lproj/Main.storyboard; sourceTree = "<group>"; };
		A31A079119FC023700017DA9 /* Images.xcassets */ = {isa = PBXFileReference; lastKnownFileType = folder.assetcatalog; path = Images.xcassets; sourceTree = "<group>"; };
		A31A079419FC023700017DA9 /* Base */ = {isa = PBXFileReference; lastKnownFileType = file.xib; name = Base; path = Base.lproj/LaunchScreen.xib; sourceTree = "<group>"; };
		A31A079A19FC023700017DA9 /* Flatiron-AppTests.xctest */ = {isa = PBXFileReference; explicitFileType = wrapper.cfbundle; includeInIndex = 0; path = "Flatiron-AppTests.xctest"; sourceTree = BUILT_PRODUCTS_DIR; };
		A31A079F19FC023700017DA9 /* Info.plist */ = {isa = PBXFileReference; lastKnownFileType = text.plist.xml; path = Info.plist; sourceTree = "<group>"; };
		A31A07A019FC023700017DA9 /* Flatiron_AppTests.m */ = {isa = PBXFileReference; lastKnownFileType = sourcecode.c.objc; path = Flatiron_AppTests.m; sourceTree = "<group>"; };
		A31A07AA19FC090100017DA9 /* ProfileViewController.h */ = {isa = PBXFileReference; fileEncoding = 4; lastKnownFileType = sourcecode.c.h; path = ProfileViewController.h; sourceTree = "<group>"; };
		A31A07AB19FC090100017DA9 /* ProfileViewController.m */ = {isa = PBXFileReference; fileEncoding = 4; lastKnownFileType = sourcecode.c.objc; path = ProfileViewController.m; sourceTree = "<group>"; };
		A31A07AE19FC0A1200017DA9 /* EveryoneTableTableViewController.h */ = {isa = PBXFileReference; fileEncoding = 4; lastKnownFileType = sourcecode.c.h; path = EveryoneTableTableViewController.h; sourceTree = "<group>"; };
		A31A07AF19FC0A1200017DA9 /* EveryoneTableTableViewController.m */ = {isa = PBXFileReference; fileEncoding = 4; lastKnownFileType = sourcecode.c.objc; path = EveryoneTableTableViewController.m; sourceTree = "<group>"; };
		A31A07B119FC0DE800017DA9 /* CalendarViewController.h */ = {isa = PBXFileReference; fileEncoding = 4; lastKnownFileType = sourcecode.c.h; path = CalendarViewController.h; sourceTree = "<group>"; };
		A31A07B219FC0DE800017DA9 /* CalendarViewController.m */ = {isa = PBXFileReference; fileEncoding = 4; lastKnownFileType = sourcecode.c.objc; path = CalendarViewController.m; sourceTree = "<group>"; };
		A31A07B419FC0EB300017DA9 /* AlertsTableTableViewController.h */ = {isa = PBXFileReference; fileEncoding = 4; lastKnownFileType = sourcecode.c.h; path = AlertsTableTableViewController.h; sourceTree = "<group>"; };
		A31A07B519FC0EB300017DA9 /* AlertsTableTableViewController.m */ = {isa = PBXFileReference; fileEncoding = 4; lastKnownFileType = sourcecode.c.objc; path = AlertsTableTableViewController.m; sourceTree = "<group>"; };
		A3909D3B19FD89E400C640E2 /* AddEventDelegate.h */ = {isa = PBXFileReference; fileEncoding = 4; lastKnownFileType = sourcecode.c.h; path = AddEventDelegate.h; sourceTree = "<group>"; };
		A3909D3C19FD89E400C640E2 /* AddEventViewController.h */ = {isa = PBXFileReference; fileEncoding = 4; lastKnownFileType = sourcecode.c.h; path = AddEventViewController.h; sourceTree = "<group>"; };
		A3909D3D19FD89E400C640E2 /* AddEventViewController.m */ = {isa = PBXFileReference; fileEncoding = 4; lastKnownFileType = sourcecode.c.objc; path = AddEventViewController.m; sourceTree = "<group>"; };
		A3909D4019FD89F200C640E2 /* DMLazyScrollView.h */ = {isa = PBXFileReference; fileEncoding = 4; lastKnownFileType = sourcecode.c.h; path = DMLazyScrollView.h; sourceTree = "<group>"; };
		A3909D4119FD89F200C640E2 /* DMLazyScrollView.m */ = {isa = PBXFileReference; fileEncoding = 4; lastKnownFileType = sourcecode.c.objc; path = DMLazyScrollView.m; sourceTree = "<group>"; };
		A3909D4319FD8A0000C640E2 /* SACalendar.h */ = {isa = PBXFileReference; fileEncoding = 4; lastKnownFileType = sourcecode.c.h; path = SACalendar.h; sourceTree = "<group>"; };
		A3909D4419FD8A0000C640E2 /* SACalendar.m */ = {isa = PBXFileReference; fileEncoding = 4; lastKnownFileType = sourcecode.c.objc; path = SACalendar.m; sourceTree = "<group>"; };
		A3909D4519FD8A0000C640E2 /* SACalendarCell.h */ = {isa = PBXFileReference; fileEncoding = 4; lastKnownFileType = sourcecode.c.h; path = SACalendarCell.h; sourceTree = "<group>"; };
		A3909D4619FD8A0000C640E2 /* SACalendarCell.m */ = {isa = PBXFileReference; fileEncoding = 4; lastKnownFileType = sourcecode.c.objc; path = SACalendarCell.m; sourceTree = "<group>"; };
		A3909D4719FD8A0000C640E2 /* SACalendarConstants.h */ = {isa = PBXFileReference; fileEncoding = 4; lastKnownFileType = sourcecode.c.h; path = SACalendarConstants.h; sourceTree = "<group>"; };
		A3909D4B19FD8BF100C640E2 /* DateUtil.h */ = {isa = PBXFileReference; fileEncoding = 4; lastKnownFileType = sourcecode.c.h; path = DateUtil.h; sourceTree = "<group>"; };
		A3909D4C19FD8BF100C640E2 /* DateUtil.m */ = {isa = PBXFileReference; fileEncoding = 4; lastKnownFileType = sourcecode.c.objc; path = DateUtil.m; sourceTree = "<group>"; };
		A3909D4E19FD9A2500C640E2 /* OnboardingViewController.h */ = {isa = PBXFileReference; fileEncoding = 4; lastKnownFileType = sourcecode.c.h; path = OnboardingViewController.h; sourceTree = "<group>"; };
		A3909D4F19FD9A2500C640E2 /* OnboardingViewController.m */ = {isa = PBXFileReference; fileEncoding = 4; lastKnownFileType = sourcecode.c.objc; path = OnboardingViewController.m; sourceTree = "<group>"; };
		A3909D5119FD9C5800C640E2 /* LoginViewController.h */ = {isa = PBXFileReference; fileEncoding = 4; lastKnownFileType = sourcecode.c.h; path = LoginViewController.h; sourceTree = "<group>"; };
		A3909D5219FD9C5800C640E2 /* LoginViewController.m */ = {isa = PBXFileReference; fileEncoding = 4; lastKnownFileType = sourcecode.c.objc; path = LoginViewController.m; sourceTree = "<group>"; };
		A3909D5419FD9D0700C640E2 /* flatiron-logo.jpg */ = {isa = PBXFileReference; lastKnownFileType = image.jpeg; path = "flatiron-logo.jpg"; sourceTree = "<group>"; };
		A3C3A08B19FF092F00676BDA /* EventCalendarCell.h */ = {isa = PBXFileReference; lastKnownFileType = sourcecode.c.h; path = EventCalendarCell.h; sourceTree = "<group>"; };
		A3C3A08C19FF093500676BDA /* EventCalendarCell.m */ = {isa = PBXFileReference; fileEncoding = 4; lastKnownFileType = sourcecode.c.objc; path = EventCalendarCell.m; sourceTree = "<group>"; };
		CB312F4119FC26CD009EFEA9 /* Steve-Carell-Brick-Tamland-Anchorman.png */ = {isa = PBXFileReference; lastKnownFileType = image.png; path = "Steve-Carell-Brick-Tamland-Anchorman.png"; sourceTree = "<group>"; };
		CB312F4319FC3A24009EFEA9 /* edit.png */ = {isa = PBXFileReference; lastKnownFileType = image.png; path = edit.png; sourceTree = "<group>"; };
		CB312F4719FC4157009EFEA9 /* Model.xcdatamodel */ = {isa = PBXFileReference; lastKnownFileType = wrapper.xcdatamodel; path = Model.xcdatamodel; sourceTree = "<group>"; };
		CB312F5B19FC4B69009EFEA9 /* CoreData.framework */ = {isa = PBXFileReference; lastKnownFileType = wrapper.framework; name = CoreData.framework; path = System/Library/Frameworks/CoreData.framework; sourceTree = SDKROOT; };
		CB312F6219FC5ECA009EFEA9 /* professional-profiles.png */ = {isa = PBXFileReference; lastKnownFileType = image.png; path = "professional-profiles.png"; sourceTree = SOURCE_ROOT; };
		CB312F8A19FD674D009EFEA9 /* facebook.png */ = {isa = PBXFileReference; lastKnownFileType = image.png; path = facebook.png; sourceTree = "<group>"; };
		CB312F8B19FD674D009EFEA9 /* github.png */ = {isa = PBXFileReference; lastKnownFileType = image.png; path = github.png; sourceTree = "<group>"; };
		CB312F8C19FD674D009EFEA9 /* google_plus.png */ = {isa = PBXFileReference; lastKnownFileType = image.png; path = google_plus.png; sourceTree = "<group>"; };
		CB312F8D19FD674D009EFEA9 /* linkedin.png */ = {isa = PBXFileReference; lastKnownFileType = image.png; path = linkedin.png; sourceTree = "<group>"; };
		CB312F8E19FD674D009EFEA9 /* twitter.png */ = {isa = PBXFileReference; lastKnownFileType = image.png; path = twitter.png; sourceTree = "<group>"; };
		CB312FAC19FD91B2009EFEA9 /* twitterGray.png */ = {isa = PBXFileReference; lastKnownFileType = image.png; path = twitterGray.png; sourceTree = "<group>"; };
		CB312FAE19FD95A3009EFEA9 /* facebookGray.png */ = {isa = PBXFileReference; lastKnownFileType = image.png; path = facebookGray.png; sourceTree = "<group>"; };
		CB312FAF19FD95A3009EFEA9 /* githubGray.png */ = {isa = PBXFileReference; lastKnownFileType = image.png; path = githubGray.png; sourceTree = "<group>"; };
		CB312FB019FD95A3009EFEA9 /* linkedinGray.png */ = {isa = PBXFileReference; lastKnownFileType = image.png; path = linkedinGray.png; sourceTree = "<group>"; };
		CB46ECE119FEF9410017CC83 /* MeViewController.h */ = {isa = PBXFileReference; fileEncoding = 4; lastKnownFileType = sourcecode.c.h; path = MeViewController.h; sourceTree = "<group>"; };
		CB46ECE219FEF9410017CC83 /* MeViewController.m */ = {isa = PBXFileReference; fileEncoding = 4; lastKnownFileType = sourcecode.c.objc; path = MeViewController.m; sourceTree = "<group>"; };
/* End PBXFileReference section */

/* Begin PBXFrameworksBuildPhase section */
		A31A077E19FC023700017DA9 /* Frameworks */ = {
			isa = PBXFrameworksBuildPhase;
			buildActionMask = 2147483647;
			files = (
				CB312F5C19FC4B69009EFEA9 /* CoreData.framework in Frameworks */,
				B4820A4E0261E8D463ECB1B9 /* libPods-Flatiron-App.a in Frameworks */,
			);
			runOnlyForDeploymentPostprocessing = 0;
		};
		A31A079719FC023700017DA9 /* Frameworks */ = {
			isa = PBXFrameworksBuildPhase;
			buildActionMask = 2147483647;
			files = (
			);
			runOnlyForDeploymentPostprocessing = 0;
		};
/* End PBXFrameworksBuildPhase section */

/* Begin PBXGroup section */
		50BEE4CBD5A08351A6B2945B /* Pods */ = {
			isa = PBXGroup;
			children = (
				079AD0467D8E6C11E28287D6 /* Pods-Flatiron-App.debug.xcconfig */,
				396FAD175C794EF82B6E470F /* Pods-Flatiron-App.release.xcconfig */,
			);
			name = Pods;
			sourceTree = "<group>";
		};
		8A5865BA749E1312CD10345E /* Frameworks */ = {
			isa = PBXGroup;
			children = (
				542557DF3D518B20213FD004 /* libPods-Flatiron-App.a */,
			);
			name = Frameworks;
			sourceTree = "<group>";
		};
		A31A077819FC023700017DA9 = {
			isa = PBXGroup;
			children = (
				A31A078319FC023700017DA9 /* Flatiron-App */,
				A31A079D19FC023700017DA9 /* Flatiron-AppTests */,
				A31A078219FC023700017DA9 /* Products */,
				50BEE4CBD5A08351A6B2945B /* Pods */,
				8A5865BA749E1312CD10345E /* Frameworks */,
			);
			sourceTree = "<group>";
		};
		A31A078219FC023700017DA9 /* Products */ = {
			isa = PBXGroup;
			children = (
				A31A078119FC023700017DA9 /* Flatiron-App.app */,
				A31A079A19FC023700017DA9 /* Flatiron-AppTests.xctest */,
			);
			name = Products;
			sourceTree = "<group>";
		};
		A31A078319FC023700017DA9 /* Flatiron-App */ = {
			isa = PBXGroup;
			children = (
				A31A078819FC023700017DA9 /* AppDelegate.h */,
				A31A078919FC023700017DA9 /* AppDelegate.m */,
				A31A078E19FC023700017DA9 /* Main.storyboard */,
				CB312F4519FC412E009EFEA9 /* Core Data */,
				A31A07AD19FC090D00017DA9 /* View Controllers */,
				A31A079119FC023700017DA9 /* Images.xcassets */,
				A31A079319FC023700017DA9 /* LaunchScreen.xib */,
				A31A078419FC023700017DA9 /* Supporting Files */,
				CB312F8919FD6700009EFEA9 /* Icons */,
				A3909D4A19FD8A0800C640E2 /* SACalendar */,
				CB312F4019FC26AE009EFEA9 /* Test Data */,
			);
			path = "Flatiron-App";
			sourceTree = "<group>";
		};
		A31A078419FC023700017DA9 /* Supporting Files */ = {
			isa = PBXGroup;
			children = (
				A31A078519FC023700017DA9 /* Info.plist */,
				A31A078619FC023700017DA9 /* main.m */,
			);
			name = "Supporting Files";
			sourceTree = "<group>";
		};
		A31A079D19FC023700017DA9 /* Flatiron-AppTests */ = {
			isa = PBXGroup;
			children = (
				A31A07A019FC023700017DA9 /* Flatiron_AppTests.m */,
				A31A079E19FC023700017DA9 /* Supporting Files */,
			);
			path = "Flatiron-AppTests";
			sourceTree = "<group>";
		};
		A31A079E19FC023700017DA9 /* Supporting Files */ = {
			isa = PBXGroup;
			children = (
				A31A079F19FC023700017DA9 /* Info.plist */,
			);
			name = "Supporting Files";
			sourceTree = "<group>";
		};
		A31A07AD19FC090D00017DA9 /* View Controllers */ = {
			isa = PBXGroup;
			children = (
				A3909D3B19FD89E400C640E2 /* AddEventDelegate.h */,
				A3909D3C19FD89E400C640E2 /* AddEventViewController.h */,
				A3909D3D19FD89E400C640E2 /* AddEventViewController.m */,
				A31A07AA19FC090100017DA9 /* ProfileViewController.h */,
				A31A07AB19FC090100017DA9 /* ProfileViewController.m */,
				A31A07B119FC0DE800017DA9 /* CalendarViewController.h */,
				A31A07B219FC0DE800017DA9 /* CalendarViewController.m */,
				A31A07B419FC0EB300017DA9 /* AlertsTableTableViewController.h */,
				A31A07B519FC0EB300017DA9 /* AlertsTableTableViewController.m */,
				A31A07AE19FC0A1200017DA9 /* EveryoneTableTableViewController.h */,
				A31A07AF19FC0A1200017DA9 /* EveryoneTableTableViewController.m */,
				A3909D4E19FD9A2500C640E2 /* OnboardingViewController.h */,
				A3909D4F19FD9A2500C640E2 /* OnboardingViewController.m */,
				A3909D5119FD9C5800C640E2 /* LoginViewController.h */,
				A3909D5219FD9C5800C640E2 /* LoginViewController.m */,
				CB46ECE119FEF9410017CC83 /* MeViewController.h */,
				CB46ECE219FEF9410017CC83 /* MeViewController.m */,
			);
			name = "View Controllers";
			sourceTree = "<group>";
		};
		A3909D3F19FD89F200C640E2 /* DMLazyScrollView */ = {
			isa = PBXGroup;
			children = (
				A3909D4019FD89F200C640E2 /* DMLazyScrollView.h */,
				A3909D4119FD89F200C640E2 /* DMLazyScrollView.m */,
			);
			path = DMLazyScrollView;
			sourceTree = "<group>";
		};
		A3909D4A19FD8A0800C640E2 /* SACalendar */ = {
			isa = PBXGroup;
			children = (
				A3909D4B19FD8BF100C640E2 /* DateUtil.h */,
				A3909D4C19FD8BF100C640E2 /* DateUtil.m */,
				A3909D4319FD8A0000C640E2 /* SACalendar.h */,
				A3909D4419FD8A0000C640E2 /* SACalendar.m */,
				A3909D4519FD8A0000C640E2 /* SACalendarCell.h */,
				A3C3A08B19FF092F00676BDA /* EventCalendarCell.h */,
				A3C3A08C19FF093500676BDA /* EventCalendarCell.m */,
				A3909D4619FD8A0000C640E2 /* SACalendarCell.m */,
				A3909D4719FD8A0000C640E2 /* SACalendarConstants.h */,
				A3909D3F19FD89F200C640E2 /* DMLazyScrollView */,
			);
			name = SACalendar;
			sourceTree = "<group>";
		};
		CB312F4019FC26AE009EFEA9 /* Test Data */ = {
			isa = PBXGroup;
			children = (
				CB312F6219FC5ECA009EFEA9 /* professional-profiles.png */,
				CB312F4319FC3A24009EFEA9 /* edit.png */,
				CB312F4119FC26CD009EFEA9 /* Steve-Carell-Brick-Tamland-Anchorman.png */,
			);
			name = "Test Data";
			sourceTree = "<group>";
		};
		CB312F4519FC412E009EFEA9 /* Core Data */ = {
			isa = PBXGroup;
			children = (
				CB312F4619FC4157009EFEA9 /* Model.xcdatamodeld */,
				CB312F5B19FC4B69009EFEA9 /* CoreData.framework */,
			);
			name = "Core Data";
			sourceTree = "<group>";
		};
		CB312F8919FD6700009EFEA9 /* Icons */ = {
			isa = PBXGroup;
			children = (
				A3909D5419FD9D0700C640E2 /* flatiron-logo.jpg */,
				CB312F8A19FD674D009EFEA9 /* facebook.png */,
				CB312F8B19FD674D009EFEA9 /* github.png */,
				CB312F8C19FD674D009EFEA9 /* google_plus.png */,
				CB312FAE19FD95A3009EFEA9 /* facebookGray.png */,
				CB312FAF19FD95A3009EFEA9 /* githubGray.png */,
				CB312FB019FD95A3009EFEA9 /* linkedinGray.png */,
				CB312FAC19FD91B2009EFEA9 /* twitterGray.png */,
				CB312F8D19FD674D009EFEA9 /* linkedin.png */,
				CB312F8E19FD674D009EFEA9 /* twitter.png */,
			);
			name = Icons;
			sourceTree = "<group>";
		};
/* End PBXGroup section */

/* Begin PBXNativeTarget section */
		A31A078019FC023700017DA9 /* Flatiron-App */ = {
			isa = PBXNativeTarget;
			buildConfigurationList = A31A07A419FC023700017DA9 /* Build configuration list for PBXNativeTarget "Flatiron-App" */;
			buildPhases = (
				8017A1E81CFDD28D4945717C /* Check Pods Manifest.lock */,
				A31A077D19FC023700017DA9 /* Sources */,
				A31A077E19FC023700017DA9 /* Frameworks */,
				A31A077F19FC023700017DA9 /* Resources */,
				516B13E24F332A52A69590B6 /* Copy Pods Resources */,
			);
			buildRules = (
			);
			dependencies = (
			);
			name = "Flatiron-App";
			productName = "Flatiron-App";
			productReference = A31A078119FC023700017DA9 /* Flatiron-App.app */;
			productType = "com.apple.product-type.application";
		};
		A31A079919FC023700017DA9 /* Flatiron-AppTests */ = {
			isa = PBXNativeTarget;
			buildConfigurationList = A31A07A719FC023700017DA9 /* Build configuration list for PBXNativeTarget "Flatiron-AppTests" */;
			buildPhases = (
				A31A079619FC023700017DA9 /* Sources */,
				A31A079719FC023700017DA9 /* Frameworks */,
				A31A079819FC023700017DA9 /* Resources */,
			);
			buildRules = (
			);
			dependencies = (
				A31A079C19FC023700017DA9 /* PBXTargetDependency */,
			);
			name = "Flatiron-AppTests";
			productName = "Flatiron-AppTests";
			productReference = A31A079A19FC023700017DA9 /* Flatiron-AppTests.xctest */;
			productType = "com.apple.product-type.bundle.unit-test";
		};
/* End PBXNativeTarget section */

/* Begin PBXProject section */
		A31A077919FC023700017DA9 /* Project object */ = {
			isa = PBXProject;
			attributes = {
				LastUpgradeCheck = 0600;
				ORGANIZATIONNAME = "Orr Bibring";
				TargetAttributes = {
					A31A078019FC023700017DA9 = {
						CreatedOnToolsVersion = 6.0.1;
					};
					A31A079919FC023700017DA9 = {
						CreatedOnToolsVersion = 6.0.1;
						TestTargetID = A31A078019FC023700017DA9;
					};
				};
			};
			buildConfigurationList = A31A077C19FC023700017DA9 /* Build configuration list for PBXProject "Flatiron-App" */;
			compatibilityVersion = "Xcode 3.2";
			developmentRegion = English;
			hasScannedForEncodings = 0;
			knownRegions = (
				en,
				Base,
			);
			mainGroup = A31A077819FC023700017DA9;
			productRefGroup = A31A078219FC023700017DA9 /* Products */;
			projectDirPath = "";
			projectRoot = "";
			targets = (
				A31A078019FC023700017DA9 /* Flatiron-App */,
				A31A079919FC023700017DA9 /* Flatiron-AppTests */,
			);
		};
/* End PBXProject section */

/* Begin PBXResourcesBuildPhase section */
		A31A077F19FC023700017DA9 /* Resources */ = {
			isa = PBXResourcesBuildPhase;
			buildActionMask = 2147483647;
			files = (
				CB312F4219FC26CD009EFEA9 /* Steve-Carell-Brick-Tamland-Anchorman.png in Resources */,
				CB312FB119FD95A3009EFEA9 /* facebookGray.png in Resources */,
				CB312F9319FD674D009EFEA9 /* twitter.png in Resources */,
				CB312F8F19FD674D009EFEA9 /* facebook.png in Resources */,
				CB312F4419FC3A24009EFEA9 /* edit.png in Resources */,
				CB312F9019FD674D009EFEA9 /* github.png in Resources */,
				A31A079019FC023700017DA9 /* Main.storyboard in Resources */,
				CB312F9119FD674D009EFEA9 /* google_plus.png in Resources */,
				A31A079519FC023700017DA9 /* LaunchScreen.xib in Resources */,
				CB312FB319FD95A3009EFEA9 /* linkedinGray.png in Resources */,
				CB312FB219FD95A3009EFEA9 /* githubGray.png in Resources */,
				CB312FAD19FD91B2009EFEA9 /* twitterGray.png in Resources */,
				CB312F6319FC5ECA009EFEA9 /* professional-profiles.png in Resources */,
				A3909D5519FD9D0700C640E2 /* flatiron-logo.jpg in Resources */,
				A31A079219FC023700017DA9 /* Images.xcassets in Resources */,
				CB312F9219FD674D009EFEA9 /* linkedin.png in Resources */,
			);
			runOnlyForDeploymentPostprocessing = 0;
		};
		A31A079819FC023700017DA9 /* Resources */ = {
			isa = PBXResourcesBuildPhase;
			buildActionMask = 2147483647;
			files = (
			);
			runOnlyForDeploymentPostprocessing = 0;
		};
/* End PBXResourcesBuildPhase section */

/* Begin PBXShellScriptBuildPhase section */
		516B13E24F332A52A69590B6 /* Copy Pods Resources */ = {
			isa = PBXShellScriptBuildPhase;
			buildActionMask = 2147483647;
			files = (
			);
			inputPaths = (
			);
			name = "Copy Pods Resources";
			outputPaths = (
			);
			runOnlyForDeploymentPostprocessing = 0;
			shellPath = /bin/sh;
			shellScript = "\"${SRCROOT}/Pods/Target Support Files/Pods-Flatiron-App/Pods-Flatiron-App-resources.sh\"\n";
			showEnvVarsInLog = 0;
		};
		8017A1E81CFDD28D4945717C /* Check Pods Manifest.lock */ = {
			isa = PBXShellScriptBuildPhase;
			buildActionMask = 2147483647;
			files = (
			);
			inputPaths = (
			);
			name = "Check Pods Manifest.lock";
			outputPaths = (
			);
			runOnlyForDeploymentPostprocessing = 0;
			shellPath = /bin/sh;
			shellScript = "diff \"${PODS_ROOT}/../Podfile.lock\" \"${PODS_ROOT}/Manifest.lock\" > /dev/null\nif [[ $? != 0 ]] ; then\n    cat << EOM\nerror: The sandbox is not in sync with the Podfile.lock. Run 'pod install' or update your CocoaPods installation.\nEOM\n    exit 1\nfi\n";
			showEnvVarsInLog = 0;
		};
/* End PBXShellScriptBuildPhase section */

/* Begin PBXSourcesBuildPhase section */
		A31A077D19FC023700017DA9 /* Sources */ = {
			isa = PBXSourcesBuildPhase;
			buildActionMask = 2147483647;
			files = (
				A3909D4D19FD8BF100C640E2 /* DateUtil.m in Sources */,
				A31A078A19FC023700017DA9 /* AppDelegate.m in Sources */,
				A3909D5019FD9A2500C640E2 /* OnboardingViewController.m in Sources */,
				A31A07AC19FC090100017DA9 /* ProfileViewController.m in Sources */,
				A3909D4819FD8A0000C640E2 /* SACalendar.m in Sources */,
				A3909D3E19FD89E400C640E2 /* AddEventViewController.m in Sources */,
				CB312F4819FC4157009EFEA9 /* Model.xcdatamodeld in Sources */,
				A3909D4219FD89F200C640E2 /* DMLazyScrollView.m in Sources */,
				A31A078719FC023700017DA9 /* main.m in Sources */,
				CB46ECE319FEF9410017CC83 /* MeViewController.m in Sources */,
				A3C3A08D19FF093500676BDA /* EventCalendarCell.m in Sources */,
				A31A07B319FC0DE800017DA9 /* CalendarViewController.m in Sources */,
				A3909D5319FD9C5800C640E2 /* LoginViewController.m in Sources */,
				A31A07B619FC0EB300017DA9 /* AlertsTableTableViewController.m in Sources */,
				A31A07B019FC0A1200017DA9 /* EveryoneTableTableViewController.m in Sources */,
				A3909D4919FD8A0000C640E2 /* SACalendarCell.m in Sources */,
			);
			runOnlyForDeploymentPostprocessing = 0;
		};
		A31A079619FC023700017DA9 /* Sources */ = {
			isa = PBXSourcesBuildPhase;
			buildActionMask = 2147483647;
			files = (
				A31A07A119FC023700017DA9 /* Flatiron_AppTests.m in Sources */,
			);
			runOnlyForDeploymentPostprocessing = 0;
		};
/* End PBXSourcesBuildPhase section */

/* Begin PBXTargetDependency section */
		A31A079C19FC023700017DA9 /* PBXTargetDependency */ = {
			isa = PBXTargetDependency;
			target = A31A078019FC023700017DA9 /* Flatiron-App */;
			targetProxy = A31A079B19FC023700017DA9 /* PBXContainerItemProxy */;
		};
/* End PBXTargetDependency section */

/* Begin PBXVariantGroup section */
		A31A078E19FC023700017DA9 /* Main.storyboard */ = {
			isa = PBXVariantGroup;
			children = (
				A31A078F19FC023700017DA9 /* Base */,
			);
			name = Main.storyboard;
			sourceTree = "<group>";
		};
		A31A079319FC023700017DA9 /* LaunchScreen.xib */ = {
			isa = PBXVariantGroup;
			children = (
				A31A079419FC023700017DA9 /* Base */,
			);
			name = LaunchScreen.xib;
			sourceTree = "<group>";
		};
/* End PBXVariantGroup section */

/* Begin XCBuildConfiguration section */
		A31A07A219FC023700017DA9 /* Debug */ = {
			isa = XCBuildConfiguration;
			buildSettings = {
				ALWAYS_SEARCH_USER_PATHS = NO;
				CLANG_CXX_LANGUAGE_STANDARD = "gnu++0x";
				CLANG_CXX_LIBRARY = "libc++";
				CLANG_ENABLE_MODULES = YES;
				CLANG_ENABLE_OBJC_ARC = YES;
				CLANG_WARN_BOOL_CONVERSION = YES;
				CLANG_WARN_CONSTANT_CONVERSION = YES;
				CLANG_WARN_DIRECT_OBJC_ISA_USAGE = YES_ERROR;
				CLANG_WARN_EMPTY_BODY = YES;
				CLANG_WARN_ENUM_CONVERSION = YES;
				CLANG_WARN_INT_CONVERSION = YES;
				CLANG_WARN_OBJC_ROOT_CLASS = YES_ERROR;
				CLANG_WARN_UNREACHABLE_CODE = YES;
				CLANG_WARN__DUPLICATE_METHOD_MATCH = YES;
				"CODE_SIGN_IDENTITY[sdk=iphoneos*]" = "iPhone Developer";
				COPY_PHASE_STRIP = NO;
				ENABLE_STRICT_OBJC_MSGSEND = YES;
				GCC_C_LANGUAGE_STANDARD = gnu99;
				GCC_DYNAMIC_NO_PIC = NO;
				GCC_OPTIMIZATION_LEVEL = 0;
				GCC_PREPROCESSOR_DEFINITIONS = (
					"DEBUG=1",
					"$(inherited)",
				);
				GCC_SYMBOLS_PRIVATE_EXTERN = NO;
				GCC_WARN_64_TO_32_BIT_CONVERSION = YES;
				GCC_WARN_ABOUT_RETURN_TYPE = YES_ERROR;
				GCC_WARN_UNDECLARED_SELECTOR = YES;
				GCC_WARN_UNINITIALIZED_AUTOS = YES_AGGRESSIVE;
				GCC_WARN_UNUSED_FUNCTION = YES;
				GCC_WARN_UNUSED_VARIABLE = YES;
				IPHONEOS_DEPLOYMENT_TARGET = 8.0;
				MTL_ENABLE_DEBUG_INFO = YES;
				ONLY_ACTIVE_ARCH = YES;
				SDKROOT = iphoneos;
			};
			name = Debug;
		};
		A31A07A319FC023700017DA9 /* Release */ = {
			isa = XCBuildConfiguration;
			buildSettings = {
				ALWAYS_SEARCH_USER_PATHS = NO;
				CLANG_CXX_LANGUAGE_STANDARD = "gnu++0x";
				CLANG_CXX_LIBRARY = "libc++";
				CLANG_ENABLE_MODULES = YES;
				CLANG_ENABLE_OBJC_ARC = YES;
				CLANG_WARN_BOOL_CONVERSION = YES;
				CLANG_WARN_CONSTANT_CONVERSION = YES;
				CLANG_WARN_DIRECT_OBJC_ISA_USAGE = YES_ERROR;
				CLANG_WARN_EMPTY_BODY = YES;
				CLANG_WARN_ENUM_CONVERSION = YES;
				CLANG_WARN_INT_CONVERSION = YES;
				CLANG_WARN_OBJC_ROOT_CLASS = YES_ERROR;
				CLANG_WARN_UNREACHABLE_CODE = YES;
				CLANG_WARN__DUPLICATE_METHOD_MATCH = YES;
				"CODE_SIGN_IDENTITY[sdk=iphoneos*]" = "iPhone Developer";
				COPY_PHASE_STRIP = YES;
				ENABLE_NS_ASSERTIONS = NO;
				ENABLE_STRICT_OBJC_MSGSEND = YES;
				GCC_C_LANGUAGE_STANDARD = gnu99;
				GCC_WARN_64_TO_32_BIT_CONVERSION = YES;
				GCC_WARN_ABOUT_RETURN_TYPE = YES_ERROR;
				GCC_WARN_UNDECLARED_SELECTOR = YES;
				GCC_WARN_UNINITIALIZED_AUTOS = YES_AGGRESSIVE;
				GCC_WARN_UNUSED_FUNCTION = YES;
				GCC_WARN_UNUSED_VARIABLE = YES;
				IPHONEOS_DEPLOYMENT_TARGET = 8.0;
				MTL_ENABLE_DEBUG_INFO = NO;
				SDKROOT = iphoneos;
				VALIDATE_PRODUCT = YES;
			};
			name = Release;
		};
		A31A07A519FC023700017DA9 /* Debug */ = {
			isa = XCBuildConfiguration;
			baseConfigurationReference = 079AD0467D8E6C11E28287D6 /* Pods-Flatiron-App.debug.xcconfig */;
			buildSettings = {
				ASSETCATALOG_COMPILER_APPICON_NAME = AppIcon;
				INFOPLIST_FILE = "Flatiron-App/Info.plist";
				LD_RUNPATH_SEARCH_PATHS = "$(inherited) @executable_path/Frameworks";
				PRODUCT_NAME = "$(TARGET_NAME)";
			};
			name = Debug;
		};
		A31A07A619FC023700017DA9 /* Release */ = {
			isa = XCBuildConfiguration;
			baseConfigurationReference = 396FAD175C794EF82B6E470F /* Pods-Flatiron-App.release.xcconfig */;
			buildSettings = {
				ASSETCATALOG_COMPILER_APPICON_NAME = AppIcon;
				INFOPLIST_FILE = "Flatiron-App/Info.plist";
				LD_RUNPATH_SEARCH_PATHS = "$(inherited) @executable_path/Frameworks";
				PRODUCT_NAME = "$(TARGET_NAME)";
			};
			name = Release;
		};
		A31A07A819FC023700017DA9 /* Debug */ = {
			isa = XCBuildConfiguration;
			buildSettings = {
				BUNDLE_LOADER = "$(TEST_HOST)";
				FRAMEWORK_SEARCH_PATHS = (
					"$(SDKROOT)/Developer/Library/Frameworks",
					"$(inherited)",
				);
				GCC_PREPROCESSOR_DEFINITIONS = (
					"DEBUG=1",
					"$(inherited)",
				);
				INFOPLIST_FILE = "Flatiron-AppTests/Info.plist";
				LD_RUNPATH_SEARCH_PATHS = "$(inherited) @executable_path/Frameworks @loader_path/Frameworks";
				PRODUCT_NAME = "$(TARGET_NAME)";
				TEST_HOST = "$(BUILT_PRODUCTS_DIR)/Flatiron-App.app/Flatiron-App";
			};
			name = Debug;
		};
		A31A07A919FC023700017DA9 /* Release */ = {
			isa = XCBuildConfiguration;
			buildSettings = {
				BUNDLE_LOADER = "$(TEST_HOST)";
				FRAMEWORK_SEARCH_PATHS = (
					"$(SDKROOT)/Developer/Library/Frameworks",
					"$(inherited)",
				);
				INFOPLIST_FILE = "Flatiron-AppTests/Info.plist";
				LD_RUNPATH_SEARCH_PATHS = "$(inherited) @executable_path/Frameworks @loader_path/Frameworks";
				PRODUCT_NAME = "$(TARGET_NAME)";
				TEST_HOST = "$(BUILT_PRODUCTS_DIR)/Flatiron-App.app/Flatiron-App";
			};
			name = Release;
		};
/* End XCBuildConfiguration section */

/* Begin XCConfigurationList section */
		A31A077C19FC023700017DA9 /* Build configuration list for PBXProject "Flatiron-App" */ = {
			isa = XCConfigurationList;
			buildConfigurations = (
				A31A07A219FC023700017DA9 /* Debug */,
				A31A07A319FC023700017DA9 /* Release */,
			);
			defaultConfigurationIsVisible = 0;
			defaultConfigurationName = Release;
		};
		A31A07A419FC023700017DA9 /* Build configuration list for PBXNativeTarget "Flatiron-App" */ = {
			isa = XCConfigurationList;
			buildConfigurations = (
				A31A07A519FC023700017DA9 /* Debug */,
				A31A07A619FC023700017DA9 /* Release */,
			);
			defaultConfigurationIsVisible = 0;
			defaultConfigurationName = Release;
		};
		A31A07A719FC023700017DA9 /* Build configuration list for PBXNativeTarget "Flatiron-AppTests" */ = {
			isa = XCConfigurationList;
			buildConfigurations = (
				A31A07A819FC023700017DA9 /* Debug */,
				A31A07A919FC023700017DA9 /* Release */,
			);
			defaultConfigurationIsVisible = 0;
			defaultConfigurationName = Release;
		};
/* End XCConfigurationList section */

/* Begin XCVersionGroup section */
		CB312F4619FC4157009EFEA9 /* Model.xcdatamodeld */ = {
			isa = XCVersionGroup;
			children = (
				CB312F4719FC4157009EFEA9 /* Model.xcdatamodel */,
			);
			currentVersion = CB312F4719FC4157009EFEA9 /* Model.xcdatamodel */;
			path = Model.xcdatamodeld;
			sourceTree = "<group>";
			versionGroupType = wrapper.xcdatamodel;
		};
/* End XCVersionGroup section */
	};
	rootObject = A31A077919FC023700017DA9 /* Project object */;
}
