<?xml version="1.0" encoding="UTF-8"?>
<!DOCTYPE plist PUBLIC "-//Apple//DTD PLIST 1.0//EN" "http://www.apple.com/DTDs/PropertyList-1.0.dtd">
<plist version="1.0">
<dict>
	<key>archiveVersion</key>
	<string>1</string>
	<key>classes</key>
	<dict/>
	<key>objectVersion</key>
	<string>46</string>
	<key>objects</key>
	<dict>
		<key>079AD0467D8E6C11E28287D6</key>
		<dict>
			<key>includeInIndex</key>
			<string>1</string>
			<key>isa</key>
			<string>PBXFileReference</string>
			<key>lastKnownFileType</key>
			<string>text.xcconfig</string>
			<key>name</key>
			<string>Pods-Flatiron-App.debug.xcconfig</string>
			<key>path</key>
			<string>Pods/Target Support Files/Pods-Flatiron-App/Pods-Flatiron-App.debug.xcconfig</string>
			<key>sourceTree</key>
			<string>&lt;group&gt;</string>
		</dict>
		<key>396FAD175C794EF82B6E470F</key>
		<dict>
			<key>includeInIndex</key>
			<string>1</string>
			<key>isa</key>
			<string>PBXFileReference</string>
			<key>lastKnownFileType</key>
			<string>text.xcconfig</string>
			<key>name</key>
			<string>Pods-Flatiron-App.release.xcconfig</string>
			<key>path</key>
			<string>Pods/Target Support Files/Pods-Flatiron-App/Pods-Flatiron-App.release.xcconfig</string>
			<key>sourceTree</key>
			<string>&lt;group&gt;</string>
		</dict>
		<key>50BEE4CBD5A08351A6B2945B</key>
		<dict>
			<key>children</key>
			<array>
				<string>079AD0467D8E6C11E28287D6</string>
				<string>396FAD175C794EF82B6E470F</string>
			</array>
			<key>isa</key>
			<string>PBXGroup</string>
			<key>name</key>
			<string>Pods</string>
			<key>sourceTree</key>
			<string>&lt;group&gt;</string>
		</dict>
		<key>516B13E24F332A52A69590B6</key>
		<dict>
			<key>buildActionMask</key>
			<string>2147483647</string>
			<key>files</key>
			<array/>
			<key>inputPaths</key>
			<array/>
			<key>isa</key>
			<string>PBXShellScriptBuildPhase</string>
			<key>name</key>
			<string>Copy Pods Resources</string>
			<key>outputPaths</key>
			<array/>
			<key>runOnlyForDeploymentPostprocessing</key>
			<string>0</string>
			<key>shellPath</key>
			<string>/bin/sh</string>
			<key>shellScript</key>
			<string>"${SRCROOT}/Pods/Target Support Files/Pods-Flatiron-App/Pods-Flatiron-App-resources.sh"
</string>
			<key>showEnvVarsInLog</key>
			<string>0</string>
		</dict>
		<key>542557DF3D518B20213FD004</key>
		<dict>
			<key>explicitFileType</key>
			<string>archive.ar</string>
			<key>includeInIndex</key>
			<string>0</string>
			<key>isa</key>
			<string>PBXFileReference</string>
			<key>path</key>
			<string>libPods-Flatiron-App.a</string>
			<key>sourceTree</key>
			<string>BUILT_PRODUCTS_DIR</string>
		</dict>
		<key>8017A1E81CFDD28D4945717C</key>
		<dict>
			<key>buildActionMask</key>
			<string>2147483647</string>
			<key>files</key>
			<array/>
			<key>inputPaths</key>
			<array/>
			<key>isa</key>
			<string>PBXShellScriptBuildPhase</string>
			<key>name</key>
			<string>Check Pods Manifest.lock</string>
			<key>outputPaths</key>
			<array/>
			<key>runOnlyForDeploymentPostprocessing</key>
			<string>0</string>
			<key>shellPath</key>
			<string>/bin/sh</string>
			<key>shellScript</key>
			<string>diff "${PODS_ROOT}/../Podfile.lock" "${PODS_ROOT}/Manifest.lock" &gt; /dev/null
if [[ $? != 0 ]] ; then
    cat &lt;&lt; EOM
error: The sandbox is not in sync with the Podfile.lock. Run 'pod install' or update your CocoaPods installation.
EOM
    exit 1
fi
</string>
			<key>showEnvVarsInLog</key>
			<string>0</string>
		</dict>
		<key>8A5865BA749E1312CD10345E</key>
		<dict>
			<key>children</key>
			<array>
				<string>542557DF3D518B20213FD004</string>
			</array>
			<key>isa</key>
			<string>PBXGroup</string>
			<key>name</key>
			<string>Frameworks</string>
			<key>sourceTree</key>
			<string>&lt;group&gt;</string>
		</dict>
		<key>A31A077819FC023700017DA9</key>
		<dict>
			<key>children</key>
			<array>
				<string>A31A078319FC023700017DA9</string>
				<string>A31A079D19FC023700017DA9</string>
				<string>A31A078219FC023700017DA9</string>
				<string>50BEE4CBD5A08351A6B2945B</string>
				<string>8A5865BA749E1312CD10345E</string>
			</array>
			<key>isa</key>
			<string>PBXGroup</string>
			<key>sourceTree</key>
			<string>&lt;group&gt;</string>
		</dict>
		<key>A31A077919FC023700017DA9</key>
		<dict>
			<key>attributes</key>
			<dict>
				<key>LastUpgradeCheck</key>
				<string>0600</string>
				<key>ORGANIZATIONNAME</key>
				<string>Orr Bibring</string>
				<key>TargetAttributes</key>
				<dict>
					<key>A31A078019FC023700017DA9</key>
					<dict>
						<key>CreatedOnToolsVersion</key>
						<string>6.0.1</string>
					</dict>
					<key>A31A079919FC023700017DA9</key>
					<dict>
						<key>CreatedOnToolsVersion</key>
						<string>6.0.1</string>
						<key>TestTargetID</key>
						<string>A31A078019FC023700017DA9</string>
					</dict>
				</dict>
			</dict>
			<key>buildConfigurationList</key>
			<string>A31A077C19FC023700017DA9</string>
			<key>compatibilityVersion</key>
			<string>Xcode 3.2</string>
			<key>developmentRegion</key>
			<string>English</string>
			<key>hasScannedForEncodings</key>
			<string>0</string>
			<key>isa</key>
			<string>PBXProject</string>
			<key>knownRegions</key>
			<array>
				<string>en</string>
				<string>Base</string>
			</array>
			<key>mainGroup</key>
			<string>A31A077819FC023700017DA9</string>
			<key>productRefGroup</key>
			<string>A31A078219FC023700017DA9</string>
			<key>projectDirPath</key>
			<string></string>
			<key>projectReferences</key>
			<array/>
			<key>projectRoot</key>
			<string></string>
			<key>targets</key>
			<array>
				<string>A31A078019FC023700017DA9</string>
				<string>A31A079919FC023700017DA9</string>
			</array>
		</dict>
		<key>A31A077C19FC023700017DA9</key>
		<dict>
			<key>buildConfigurations</key>
			<array>
				<string>A31A07A219FC023700017DA9</string>
				<string>A31A07A319FC023700017DA9</string>
			</array>
			<key>defaultConfigurationIsVisible</key>
			<string>0</string>
			<key>defaultConfigurationName</key>
			<string>Release</string>
			<key>isa</key>
			<string>XCConfigurationList</string>
		</dict>
		<key>A31A077D19FC023700017DA9</key>
		<dict>
			<key>buildActionMask</key>
			<string>2147483647</string>
			<key>files</key>
			<array>
				<string>CB312F7619FC6B15009EFEA9</string>
				<string>A3909D4D19FD8BF100C640E2</string>
				<string>CB312F7F19FC8F2A009EFEA9</string>
				<string>CB312F7C19FC8F2A009EFEA9</string>
				<string>A31A078A19FC023700017DA9</string>
				<string>A31A07AC19FC090100017DA9</string>
				<string>A3909D4819FD8A0000C640E2</string>
				<string>A3909D3E19FD89E400C640E2</string>
				<string>CB312F4819FC4157009EFEA9</string>
				<string>A3909D4219FD89F200C640E2</string>
				<string>A31A078719FC023700017DA9</string>
				<string>A31A07B319FC0DE800017DA9</string>
				<string>CB312F8219FC8F2A009EFEA9</string>
				<string>A31A07B619FC0EB300017DA9</string>
				<string>A31A07B019FC0A1200017DA9</string>
				<string>A3909D4919FD8A0000C640E2</string>
			</array>
			<key>isa</key>
			<string>PBXSourcesBuildPhase</string>
			<key>runOnlyForDeploymentPostprocessing</key>
			<string>0</string>
		</dict>
		<key>A31A077E19FC023700017DA9</key>
		<dict>
			<key>buildActionMask</key>
			<string>2147483647</string>
			<key>files</key>
			<array>
				<string>CB312F5C19FC4B69009EFEA9</string>
				<string>B4820A4E0261E8D463ECB1B9</string>
			</array>
			<key>isa</key>
			<string>PBXFrameworksBuildPhase</string>
			<key>runOnlyForDeploymentPostprocessing</key>
			<string>0</string>
		</dict>
		<key>A31A077F19FC023700017DA9</key>
		<dict>
			<key>buildActionMask</key>
			<string>2147483647</string>
			<key>files</key>
			<array>
				<string>CB312F4219FC26CD009EFEA9</string>
				<string>CB312F9319FD674D009EFEA9</string>
				<string>CB312F8F19FD674D009EFEA9</string>
				<string>CB312F4419FC3A24009EFEA9</string>
				<string>CB312F9019FD674D009EFEA9</string>
				<string>A31A079019FC023700017DA9</string>
				<string>CB312F9119FD674D009EFEA9</string>
				<string>A31A079519FC023700017DA9</string>
				<string>CB312FAD19FD91B2009EFEA9</string>
				<string>CB312F6319FC5ECA009EFEA9</string>
				<string>A31A079219FC023700017DA9</string>
				<string>CB312F9219FD674D009EFEA9</string>
			</array>
			<key>isa</key>
			<string>PBXResourcesBuildPhase</string>
			<key>runOnlyForDeploymentPostprocessing</key>
			<string>0</string>
		</dict>
		<key>A31A078019FC023700017DA9</key>
		<dict>
			<key>buildConfigurationList</key>
			<string>A31A07A419FC023700017DA9</string>
			<key>buildPhases</key>
			<array>
				<string>8017A1E81CFDD28D4945717C</string>
				<string>A31A077D19FC023700017DA9</string>
				<string>A31A077E19FC023700017DA9</string>
				<string>A31A077F19FC023700017DA9</string>
				<string>516B13E24F332A52A69590B6</string>
			</array>
			<key>buildRules</key>
			<array/>
			<key>dependencies</key>
			<array/>
			<key>isa</key>
			<string>PBXNativeTarget</string>
			<key>name</key>
			<string>Flatiron-App</string>
			<key>productName</key>
			<string>Flatiron-App</string>
			<key>productReference</key>
			<string>A31A078119FC023700017DA9</string>
			<key>productType</key>
			<string>com.apple.product-type.application</string>
		</dict>
		<key>A31A078119FC023700017DA9</key>
		<dict>
			<key>explicitFileType</key>
			<string>wrapper.application</string>
			<key>includeInIndex</key>
			<string>0</string>
			<key>isa</key>
			<string>PBXFileReference</string>
			<key>path</key>
			<string>Flatiron-App.app</string>
			<key>sourceTree</key>
			<string>BUILT_PRODUCTS_DIR</string>
		</dict>
		<key>A31A078219FC023700017DA9</key>
		<dict>
			<key>children</key>
			<array>
				<string>A31A078119FC023700017DA9</string>
				<string>A31A079A19FC023700017DA9</string>
			</array>
			<key>isa</key>
			<string>PBXGroup</string>
			<key>name</key>
			<string>Products</string>
			<key>sourceTree</key>
			<string>&lt;group&gt;</string>
		</dict>
		<key>A31A078319FC023700017DA9</key>
		<dict>
			<key>children</key>
			<array>
				<string>A31A078819FC023700017DA9</string>
				<string>A31A078919FC023700017DA9</string>
				<string>A31A078E19FC023700017DA9</string>
				<string>CB312F4519FC412E009EFEA9</string>
				<string>A31A07AD19FC090D00017DA9</string>
				<string>A31A079119FC023700017DA9</string>
				<string>A31A079319FC023700017DA9</string>
				<string>A31A078419FC023700017DA9</string>
				<string>CB312F8919FD6700009EFEA9</string>
				<string>A3909D4A19FD8A0800C640E2</string>
				<string>CB312F4019FC26AE009EFEA9</string>
			</array>
			<key>isa</key>
			<string>PBXGroup</string>
			<key>path</key>
			<string>Flatiron-App</string>
			<key>sourceTree</key>
			<string>&lt;group&gt;</string>
		</dict>
		<key>A31A078419FC023700017DA9</key>
		<dict>
			<key>children</key>
			<array>
				<string>A31A078519FC023700017DA9</string>
				<string>A31A078619FC023700017DA9</string>
			</array>
			<key>isa</key>
			<string>PBXGroup</string>
			<key>name</key>
			<string>Supporting Files</string>
			<key>sourceTree</key>
			<string>&lt;group&gt;</string>
		</dict>
		<key>A31A078519FC023700017DA9</key>
		<dict>
			<key>isa</key>
			<string>PBXFileReference</string>
			<key>lastKnownFileType</key>
			<string>text.plist.xml</string>
			<key>path</key>
			<string>Info.plist</string>
			<key>sourceTree</key>
			<string>&lt;group&gt;</string>
		</dict>
		<key>A31A078619FC023700017DA9</key>
		<dict>
			<key>isa</key>
			<string>PBXFileReference</string>
			<key>lastKnownFileType</key>
			<string>sourcecode.c.objc</string>
			<key>path</key>
			<string>main.m</string>
			<key>sourceTree</key>
			<string>&lt;group&gt;</string>
		</dict>
		<key>A31A078719FC023700017DA9</key>
		<dict>
			<key>fileRef</key>
			<string>A31A078619FC023700017DA9</string>
			<key>isa</key>
			<string>PBXBuildFile</string>
		</dict>
		<key>A31A078819FC023700017DA9</key>
		<dict>
			<key>isa</key>
			<string>PBXFileReference</string>
			<key>lastKnownFileType</key>
			<string>sourcecode.c.h</string>
			<key>path</key>
			<string>AppDelegate.h</string>
			<key>sourceTree</key>
			<string>&lt;group&gt;</string>
		</dict>
		<key>A31A078919FC023700017DA9</key>
		<dict>
			<key>isa</key>
			<string>PBXFileReference</string>
			<key>lastKnownFileType</key>
			<string>sourcecode.c.objc</string>
			<key>path</key>
			<string>AppDelegate.m</string>
			<key>sourceTree</key>
			<string>&lt;group&gt;</string>
		</dict>
		<key>A31A078A19FC023700017DA9</key>
		<dict>
			<key>fileRef</key>
			<string>A31A078919FC023700017DA9</string>
			<key>isa</key>
			<string>PBXBuildFile</string>
		</dict>
		<key>A31A078E19FC023700017DA9</key>
		<dict>
			<key>children</key>
			<array>
				<string>A31A078F19FC023700017DA9</string>
			</array>
			<key>isa</key>
			<string>PBXVariantGroup</string>
			<key>name</key>
			<string>Main.storyboard</string>
			<key>sourceTree</key>
			<string>&lt;group&gt;</string>
		</dict>
		<key>A31A078F19FC023700017DA9</key>
		<dict>
			<key>isa</key>
			<string>PBXFileReference</string>
			<key>lastKnownFileType</key>
			<string>file.storyboard</string>
			<key>name</key>
			<string>Base</string>
			<key>path</key>
			<string>Base.lproj/Main.storyboard</string>
			<key>sourceTree</key>
			<string>&lt;group&gt;</string>
		</dict>
		<key>A31A079019FC023700017DA9</key>
		<dict>
			<key>fileRef</key>
			<string>A31A078E19FC023700017DA9</string>
			<key>isa</key>
			<string>PBXBuildFile</string>
		</dict>
		<key>A31A079119FC023700017DA9</key>
		<dict>
			<key>isa</key>
			<string>PBXFileReference</string>
			<key>lastKnownFileType</key>
			<string>folder.assetcatalog</string>
			<key>path</key>
			<string>Images.xcassets</string>
			<key>sourceTree</key>
			<string>&lt;group&gt;</string>
		</dict>
		<key>A31A079219FC023700017DA9</key>
		<dict>
			<key>fileRef</key>
			<string>A31A079119FC023700017DA9</string>
			<key>isa</key>
			<string>PBXBuildFile</string>
		</dict>
		<key>A31A079319FC023700017DA9</key>
		<dict>
			<key>children</key>
			<array>
				<string>A31A079419FC023700017DA9</string>
			</array>
			<key>isa</key>
			<string>PBXVariantGroup</string>
			<key>name</key>
			<string>LaunchScreen.xib</string>
			<key>sourceTree</key>
			<string>&lt;group&gt;</string>
		</dict>
		<key>A31A079419FC023700017DA9</key>
		<dict>
			<key>isa</key>
			<string>PBXFileReference</string>
			<key>lastKnownFileType</key>
			<string>file.xib</string>
			<key>name</key>
			<string>Base</string>
			<key>path</key>
			<string>Base.lproj/LaunchScreen.xib</string>
			<key>sourceTree</key>
			<string>&lt;group&gt;</string>
		</dict>
		<key>A31A079519FC023700017DA9</key>
		<dict>
			<key>fileRef</key>
			<string>A31A079319FC023700017DA9</string>
			<key>isa</key>
			<string>PBXBuildFile</string>
		</dict>
		<key>A31A079619FC023700017DA9</key>
		<dict>
			<key>buildActionMask</key>
			<string>2147483647</string>
			<key>files</key>
			<array>
				<string>A31A07A119FC023700017DA9</string>
			</array>
			<key>isa</key>
			<string>PBXSourcesBuildPhase</string>
			<key>runOnlyForDeploymentPostprocessing</key>
			<string>0</string>
		</dict>
		<key>A31A079719FC023700017DA9</key>
		<dict>
			<key>buildActionMask</key>
			<string>2147483647</string>
			<key>files</key>
			<array/>
			<key>isa</key>
			<string>PBXFrameworksBuildPhase</string>
			<key>runOnlyForDeploymentPostprocessing</key>
			<string>0</string>
		</dict>
		<key>A31A079819FC023700017DA9</key>
		<dict>
			<key>buildActionMask</key>
			<string>2147483647</string>
			<key>files</key>
			<array/>
			<key>isa</key>
			<string>PBXResourcesBuildPhase</string>
			<key>runOnlyForDeploymentPostprocessing</key>
			<string>0</string>
		</dict>
		<key>A31A079919FC023700017DA9</key>
		<dict>
			<key>buildConfigurationList</key>
			<string>A31A07A719FC023700017DA9</string>
			<key>buildPhases</key>
			<array>
				<string>A31A079619FC023700017DA9</string>
				<string>A31A079719FC023700017DA9</string>
				<string>A31A079819FC023700017DA9</string>
			</array>
			<key>buildRules</key>
			<array/>
			<key>dependencies</key>
			<array>
				<string>A31A079C19FC023700017DA9</string>
			</array>
			<key>isa</key>
			<string>PBXNativeTarget</string>
			<key>name</key>
			<string>Flatiron-AppTests</string>
			<key>productName</key>
			<string>Flatiron-AppTests</string>
			<key>productReference</key>
			<string>A31A079A19FC023700017DA9</string>
			<key>productType</key>
			<string>com.apple.product-type.bundle.unit-test</string>
		</dict>
		<key>A31A079A19FC023700017DA9</key>
		<dict>
			<key>explicitFileType</key>
			<string>wrapper.cfbundle</string>
			<key>includeInIndex</key>
			<string>0</string>
			<key>isa</key>
			<string>PBXFileReference</string>
			<key>path</key>
			<string>Flatiron-AppTests.xctest</string>
			<key>sourceTree</key>
			<string>BUILT_PRODUCTS_DIR</string>
		</dict>
		<key>A31A079B19FC023700017DA9</key>
		<dict>
			<key>containerPortal</key>
			<string>A31A077919FC023700017DA9</string>
			<key>isa</key>
			<string>PBXContainerItemProxy</string>
			<key>proxyType</key>
			<string>1</string>
			<key>remoteGlobalIDString</key>
			<string>A31A078019FC023700017DA9</string>
			<key>remoteInfo</key>
			<string>Flatiron-App</string>
		</dict>
		<key>A31A079C19FC023700017DA9</key>
		<dict>
			<key>isa</key>
			<string>PBXTargetDependency</string>
			<key>target</key>
			<string>A31A078019FC023700017DA9</string>
			<key>targetProxy</key>
			<string>A31A079B19FC023700017DA9</string>
		</dict>
		<key>A31A079D19FC023700017DA9</key>
		<dict>
			<key>children</key>
			<array>
				<string>A31A07A019FC023700017DA9</string>
				<string>A31A079E19FC023700017DA9</string>
			</array>
			<key>isa</key>
			<string>PBXGroup</string>
			<key>path</key>
			<string>Flatiron-AppTests</string>
			<key>sourceTree</key>
			<string>&lt;group&gt;</string>
		</dict>
		<key>A31A079E19FC023700017DA9</key>
		<dict>
			<key>children</key>
			<array>
				<string>A31A079F19FC023700017DA9</string>
			</array>
			<key>isa</key>
			<string>PBXGroup</string>
			<key>name</key>
			<string>Supporting Files</string>
			<key>sourceTree</key>
			<string>&lt;group&gt;</string>
		</dict>
		<key>A31A079F19FC023700017DA9</key>
		<dict>
			<key>isa</key>
			<string>PBXFileReference</string>
			<key>lastKnownFileType</key>
			<string>text.plist.xml</string>
			<key>path</key>
			<string>Info.plist</string>
			<key>sourceTree</key>
			<string>&lt;group&gt;</string>
		</dict>
		<key>A31A07A019FC023700017DA9</key>
		<dict>
			<key>isa</key>
			<string>PBXFileReference</string>
			<key>lastKnownFileType</key>
			<string>sourcecode.c.objc</string>
			<key>path</key>
			<string>Flatiron_AppTests.m</string>
			<key>sourceTree</key>
			<string>&lt;group&gt;</string>
		</dict>
		<key>A31A07A119FC023700017DA9</key>
		<dict>
			<key>fileRef</key>
			<string>A31A07A019FC023700017DA9</string>
			<key>isa</key>
			<string>PBXBuildFile</string>
		</dict>
		<key>A31A07A219FC023700017DA9</key>
		<dict>
			<key>buildSettings</key>
			<dict>
				<key>ALWAYS_SEARCH_USER_PATHS</key>
				<string>NO</string>
				<key>CLANG_CXX_LANGUAGE_STANDARD</key>
				<string>gnu++0x</string>
				<key>CLANG_CXX_LIBRARY</key>
				<string>libc++</string>
				<key>CLANG_ENABLE_MODULES</key>
				<string>YES</string>
				<key>CLANG_ENABLE_OBJC_ARC</key>
				<string>YES</string>
				<key>CLANG_WARN_BOOL_CONVERSION</key>
				<string>YES</string>
				<key>CLANG_WARN_CONSTANT_CONVERSION</key>
				<string>YES</string>
				<key>CLANG_WARN_DIRECT_OBJC_ISA_USAGE</key>
				<string>YES_ERROR</string>
				<key>CLANG_WARN_EMPTY_BODY</key>
				<string>YES</string>
				<key>CLANG_WARN_ENUM_CONVERSION</key>
				<string>YES</string>
				<key>CLANG_WARN_INT_CONVERSION</key>
				<string>YES</string>
				<key>CLANG_WARN_OBJC_ROOT_CLASS</key>
				<string>YES_ERROR</string>
				<key>CLANG_WARN_UNREACHABLE_CODE</key>
				<string>YES</string>
				<key>CLANG_WARN__DUPLICATE_METHOD_MATCH</key>
				<string>YES</string>
				<key>CODE_SIGN_IDENTITY[sdk=iphoneos*]</key>
				<string>iPhone Developer</string>
				<key>COPY_PHASE_STRIP</key>
				<string>NO</string>
				<key>ENABLE_STRICT_OBJC_MSGSEND</key>
				<string>YES</string>
				<key>GCC_C_LANGUAGE_STANDARD</key>
				<string>gnu99</string>
				<key>GCC_DYNAMIC_NO_PIC</key>
				<string>NO</string>
				<key>GCC_OPTIMIZATION_LEVEL</key>
				<string>0</string>
				<key>GCC_PREPROCESSOR_DEFINITIONS</key>
				<array>
					<string>DEBUG=1</string>
					<string>$(inherited)</string>
				</array>
				<key>GCC_SYMBOLS_PRIVATE_EXTERN</key>
				<string>NO</string>
				<key>GCC_WARN_64_TO_32_BIT_CONVERSION</key>
				<string>YES</string>
				<key>GCC_WARN_ABOUT_RETURN_TYPE</key>
				<string>YES_ERROR</string>
				<key>GCC_WARN_UNDECLARED_SELECTOR</key>
				<string>YES</string>
				<key>GCC_WARN_UNINITIALIZED_AUTOS</key>
				<string>YES_AGGRESSIVE</string>
				<key>GCC_WARN_UNUSED_FUNCTION</key>
				<string>YES</string>
				<key>GCC_WARN_UNUSED_VARIABLE</key>
				<string>YES</string>
				<key>IPHONEOS_DEPLOYMENT_TARGET</key>
				<string>8.0</string>
				<key>MTL_ENABLE_DEBUG_INFO</key>
				<string>YES</string>
				<key>ONLY_ACTIVE_ARCH</key>
				<string>YES</string>
				<key>SDKROOT</key>
				<string>iphoneos</string>
			</dict>
			<key>isa</key>
			<string>XCBuildConfiguration</string>
			<key>name</key>
			<string>Debug</string>
		</dict>
		<key>A31A07A319FC023700017DA9</key>
		<dict>
			<key>buildSettings</key>
			<dict>
				<key>ALWAYS_SEARCH_USER_PATHS</key>
				<string>NO</string>
				<key>CLANG_CXX_LANGUAGE_STANDARD</key>
				<string>gnu++0x</string>
				<key>CLANG_CXX_LIBRARY</key>
				<string>libc++</string>
				<key>CLANG_ENABLE_MODULES</key>
				<string>YES</string>
				<key>CLANG_ENABLE_OBJC_ARC</key>
				<string>YES</string>
				<key>CLANG_WARN_BOOL_CONVERSION</key>
				<string>YES</string>
				<key>CLANG_WARN_CONSTANT_CONVERSION</key>
				<string>YES</string>
				<key>CLANG_WARN_DIRECT_OBJC_ISA_USAGE</key>
				<string>YES_ERROR</string>
				<key>CLANG_WARN_EMPTY_BODY</key>
				<string>YES</string>
				<key>CLANG_WARN_ENUM_CONVERSION</key>
				<string>YES</string>
				<key>CLANG_WARN_INT_CONVERSION</key>
				<string>YES</string>
				<key>CLANG_WARN_OBJC_ROOT_CLASS</key>
				<string>YES_ERROR</string>
				<key>CLANG_WARN_UNREACHABLE_CODE</key>
				<string>YES</string>
				<key>CLANG_WARN__DUPLICATE_METHOD_MATCH</key>
				<string>YES</string>
				<key>CODE_SIGN_IDENTITY[sdk=iphoneos*]</key>
				<string>iPhone Developer</string>
				<key>COPY_PHASE_STRIP</key>
				<string>YES</string>
				<key>ENABLE_NS_ASSERTIONS</key>
				<string>NO</string>
				<key>ENABLE_STRICT_OBJC_MSGSEND</key>
				<string>YES</string>
				<key>GCC_C_LANGUAGE_STANDARD</key>
				<string>gnu99</string>
				<key>GCC_WARN_64_TO_32_BIT_CONVERSION</key>
				<string>YES</string>
				<key>GCC_WARN_ABOUT_RETURN_TYPE</key>
				<string>YES_ERROR</string>
				<key>GCC_WARN_UNDECLARED_SELECTOR</key>
				<string>YES</string>
				<key>GCC_WARN_UNINITIALIZED_AUTOS</key>
				<string>YES_AGGRESSIVE</string>
				<key>GCC_WARN_UNUSED_FUNCTION</key>
				<string>YES</string>
				<key>GCC_WARN_UNUSED_VARIABLE</key>
				<string>YES</string>
				<key>IPHONEOS_DEPLOYMENT_TARGET</key>
				<string>8.0</string>
				<key>MTL_ENABLE_DEBUG_INFO</key>
				<string>NO</string>
				<key>SDKROOT</key>
				<string>iphoneos</string>
				<key>VALIDATE_PRODUCT</key>
				<string>YES</string>
			</dict>
			<key>isa</key>
			<string>XCBuildConfiguration</string>
			<key>name</key>
			<string>Release</string>
		</dict>
		<key>A31A07A419FC023700017DA9</key>
		<dict>
			<key>buildConfigurations</key>
			<array>
				<string>A31A07A519FC023700017DA9</string>
				<string>A31A07A619FC023700017DA9</string>
			</array>
			<key>defaultConfigurationIsVisible</key>
			<string>0</string>
			<key>defaultConfigurationName</key>
			<string>Release</string>
			<key>isa</key>
			<string>XCConfigurationList</string>
		</dict>
		<key>A31A07A519FC023700017DA9</key>
		<dict>
			<key>baseConfigurationReference</key>
			<string>079AD0467D8E6C11E28287D6</string>
			<key>buildSettings</key>
			<dict>
				<key>ASSETCATALOG_COMPILER_APPICON_NAME</key>
				<string>AppIcon</string>
				<key>INFOPLIST_FILE</key>
				<string>Flatiron-App/Info.plist</string>
				<key>LD_RUNPATH_SEARCH_PATHS</key>
				<string>$(inherited) @executable_path/Frameworks</string>
				<key>PRODUCT_NAME</key>
				<string>$(TARGET_NAME)</string>
			</dict>
			<key>isa</key>
			<string>XCBuildConfiguration</string>
			<key>name</key>
			<string>Debug</string>
		</dict>
		<key>A31A07A619FC023700017DA9</key>
		<dict>
			<key>baseConfigurationReference</key>
			<string>396FAD175C794EF82B6E470F</string>
			<key>buildSettings</key>
			<dict>
				<key>ASSETCATALOG_COMPILER_APPICON_NAME</key>
				<string>AppIcon</string>
				<key>INFOPLIST_FILE</key>
				<string>Flatiron-App/Info.plist</string>
				<key>LD_RUNPATH_SEARCH_PATHS</key>
				<string>$(inherited) @executable_path/Frameworks</string>
				<key>PRODUCT_NAME</key>
				<string>$(TARGET_NAME)</string>
			</dict>
			<key>isa</key>
			<string>XCBuildConfiguration</string>
			<key>name</key>
			<string>Release</string>
		</dict>
		<key>A31A07A719FC023700017DA9</key>
		<dict>
			<key>buildConfigurations</key>
			<array>
				<string>A31A07A819FC023700017DA9</string>
				<string>A31A07A919FC023700017DA9</string>
			</array>
			<key>defaultConfigurationIsVisible</key>
			<string>0</string>
			<key>defaultConfigurationName</key>
			<string>Release</string>
			<key>isa</key>
			<string>XCConfigurationList</string>
		</dict>
		<key>A31A07A819FC023700017DA9</key>
		<dict>
			<key>buildSettings</key>
			<dict>
				<key>BUNDLE_LOADER</key>
				<string>$(TEST_HOST)</string>
				<key>FRAMEWORK_SEARCH_PATHS</key>
				<array>
					<string>$(SDKROOT)/Developer/Library/Frameworks</string>
					<string>$(inherited)</string>
				</array>
				<key>GCC_PREPROCESSOR_DEFINITIONS</key>
				<array>
					<string>DEBUG=1</string>
					<string>$(inherited)</string>
				</array>
				<key>INFOPLIST_FILE</key>
				<string>Flatiron-AppTests/Info.plist</string>
				<key>LD_RUNPATH_SEARCH_PATHS</key>
				<string>$(inherited) @executable_path/Frameworks @loader_path/Frameworks</string>
				<key>PRODUCT_NAME</key>
				<string>$(TARGET_NAME)</string>
				<key>TEST_HOST</key>
				<string>$(BUILT_PRODUCTS_DIR)/Flatiron-App.app/Flatiron-App</string>
			</dict>
			<key>isa</key>
			<string>XCBuildConfiguration</string>
			<key>name</key>
			<string>Debug</string>
		</dict>
		<key>A31A07A919FC023700017DA9</key>
		<dict>
			<key>buildSettings</key>
			<dict>
				<key>BUNDLE_LOADER</key>
				<string>$(TEST_HOST)</string>
				<key>FRAMEWORK_SEARCH_PATHS</key>
				<array>
					<string>$(SDKROOT)/Developer/Library/Frameworks</string>
					<string>$(inherited)</string>
				</array>
				<key>INFOPLIST_FILE</key>
				<string>Flatiron-AppTests/Info.plist</string>
				<key>LD_RUNPATH_SEARCH_PATHS</key>
				<string>$(inherited) @executable_path/Frameworks @loader_path/Frameworks</string>
				<key>PRODUCT_NAME</key>
				<string>$(TARGET_NAME)</string>
				<key>TEST_HOST</key>
				<string>$(BUILT_PRODUCTS_DIR)/Flatiron-App.app/Flatiron-App</string>
			</dict>
			<key>isa</key>
			<string>XCBuildConfiguration</string>
			<key>name</key>
			<string>Release</string>
		</dict>
		<key>A31A07AA19FC090100017DA9</key>
		<dict>
			<key>fileEncoding</key>
			<string>4</string>
			<key>isa</key>
			<string>PBXFileReference</string>
			<key>lastKnownFileType</key>
			<string>sourcecode.c.h</string>
			<key>path</key>
			<string>ProfileViewController.h</string>
			<key>sourceTree</key>
			<string>&lt;group&gt;</string>
		</dict>
		<key>A31A07AB19FC090100017DA9</key>
		<dict>
			<key>fileEncoding</key>
			<string>4</string>
			<key>isa</key>
			<string>PBXFileReference</string>
			<key>lastKnownFileType</key>
			<string>sourcecode.c.objc</string>
			<key>path</key>
			<string>ProfileViewController.m</string>
			<key>sourceTree</key>
			<string>&lt;group&gt;</string>
		</dict>
		<key>A31A07AC19FC090100017DA9</key>
		<dict>
			<key>fileRef</key>
			<string>A31A07AB19FC090100017DA9</string>
			<key>isa</key>
			<string>PBXBuildFile</string>
		</dict>
		<key>A31A07AD19FC090D00017DA9</key>
		<dict>
			<key>children</key>
			<array>
				<string>A3909D3B19FD89E400C640E2</string>
				<string>A3909D3C19FD89E400C640E2</string>
				<string>A3909D3D19FD89E400C640E2</string>
				<string>A31A07AA19FC090100017DA9</string>
				<string>A31A07AB19FC090100017DA9</string>
				<string>A31A07B119FC0DE800017DA9</string>
				<string>A31A07B219FC0DE800017DA9</string>
				<string>A31A07B419FC0EB300017DA9</string>
				<string>A31A07B519FC0EB300017DA9</string>
				<string>A31A07AE19FC0A1200017DA9</string>
				<string>A31A07AF19FC0A1200017DA9</string>
			</array>
			<key>isa</key>
			<string>PBXGroup</string>
			<key>name</key>
			<string>View Controllers</string>
			<key>sourceTree</key>
			<string>&lt;group&gt;</string>
		</dict>
		<key>A31A07AE19FC0A1200017DA9</key>
		<dict>
			<key>fileEncoding</key>
			<string>4</string>
			<key>isa</key>
			<string>PBXFileReference</string>
			<key>lastKnownFileType</key>
			<string>sourcecode.c.h</string>
			<key>path</key>
			<string>EveryoneTableTableViewController.h</string>
			<key>sourceTree</key>
			<string>&lt;group&gt;</string>
		</dict>
		<key>A31A07AF19FC0A1200017DA9</key>
		<dict>
			<key>fileEncoding</key>
			<string>4</string>
			<key>isa</key>
			<string>PBXFileReference</string>
			<key>lastKnownFileType</key>
			<string>sourcecode.c.objc</string>
			<key>path</key>
			<string>EveryoneTableTableViewController.m</string>
			<key>sourceTree</key>
			<string>&lt;group&gt;</string>
		</dict>
		<key>A31A07B019FC0A1200017DA9</key>
		<dict>
			<key>fileRef</key>
			<string>A31A07AF19FC0A1200017DA9</string>
			<key>isa</key>
			<string>PBXBuildFile</string>
		</dict>
		<key>A31A07B119FC0DE800017DA9</key>
		<dict>
			<key>fileEncoding</key>
			<string>4</string>
			<key>isa</key>
			<string>PBXFileReference</string>
			<key>lastKnownFileType</key>
			<string>sourcecode.c.h</string>
			<key>path</key>
			<string>CalendarViewController.h</string>
			<key>sourceTree</key>
			<string>&lt;group&gt;</string>
		</dict>
		<key>A31A07B219FC0DE800017DA9</key>
		<dict>
			<key>fileEncoding</key>
			<string>4</string>
			<key>isa</key>
			<string>PBXFileReference</string>
			<key>lastKnownFileType</key>
			<string>sourcecode.c.objc</string>
			<key>path</key>
			<string>CalendarViewController.m</string>
			<key>sourceTree</key>
			<string>&lt;group&gt;</string>
		</dict>
		<key>A31A07B319FC0DE800017DA9</key>
		<dict>
			<key>fileRef</key>
			<string>A31A07B219FC0DE800017DA9</string>
			<key>isa</key>
			<string>PBXBuildFile</string>
		</dict>
		<key>A31A07B419FC0EB300017DA9</key>
		<dict>
			<key>fileEncoding</key>
			<string>4</string>
			<key>isa</key>
			<string>PBXFileReference</string>
			<key>lastKnownFileType</key>
			<string>sourcecode.c.h</string>
			<key>path</key>
			<string>AlertsTableTableViewController.h</string>
			<key>sourceTree</key>
			<string>&lt;group&gt;</string>
		</dict>
		<key>A31A07B519FC0EB300017DA9</key>
		<dict>
			<key>fileEncoding</key>
			<string>4</string>
			<key>isa</key>
			<string>PBXFileReference</string>
			<key>lastKnownFileType</key>
			<string>sourcecode.c.objc</string>
			<key>path</key>
			<string>AlertsTableTableViewController.m</string>
			<key>sourceTree</key>
			<string>&lt;group&gt;</string>
		</dict>
		<key>A31A07B619FC0EB300017DA9</key>
		<dict>
			<key>fileRef</key>
			<string>A31A07B519FC0EB300017DA9</string>
			<key>isa</key>
			<string>PBXBuildFile</string>
		</dict>
		<key>A3909D3B19FD89E400C640E2</key>
		<dict>
			<key>fileEncoding</key>
			<string>4</string>
			<key>isa</key>
			<string>PBXFileReference</string>
			<key>lastKnownFileType</key>
			<string>sourcecode.c.h</string>
			<key>path</key>
			<string>AddEventDelegate.h</string>
			<key>sourceTree</key>
			<string>&lt;group&gt;</string>
		</dict>
		<key>A3909D3C19FD89E400C640E2</key>
		<dict>
			<key>fileEncoding</key>
			<string>4</string>
			<key>isa</key>
			<string>PBXFileReference</string>
			<key>lastKnownFileType</key>
			<string>sourcecode.c.h</string>
			<key>path</key>
			<string>AddEventViewController.h</string>
			<key>sourceTree</key>
			<string>&lt;group&gt;</string>
		</dict>
		<key>A3909D3D19FD89E400C640E2</key>
		<dict>
			<key>fileEncoding</key>
			<string>4</string>
			<key>isa</key>
			<string>PBXFileReference</string>
			<key>lastKnownFileType</key>
			<string>sourcecode.c.objc</string>
			<key>path</key>
			<string>AddEventViewController.m</string>
			<key>sourceTree</key>
			<string>&lt;group&gt;</string>
		</dict>
		<key>A3909D3E19FD89E400C640E2</key>
		<dict>
			<key>fileRef</key>
			<string>A3909D3D19FD89E400C640E2</string>
			<key>isa</key>
			<string>PBXBuildFile</string>
		</dict>
		<key>A3909D3F19FD89F200C640E2</key>
		<dict>
			<key>children</key>
			<array>
				<string>A3909D4019FD89F200C640E2</string>
				<string>A3909D4119FD89F200C640E2</string>
			</array>
			<key>isa</key>
			<string>PBXGroup</string>
			<key>path</key>
			<string>DMLazyScrollView</string>
			<key>sourceTree</key>
			<string>&lt;group&gt;</string>
		</dict>
		<key>A3909D4019FD89F200C640E2</key>
		<dict>
			<key>fileEncoding</key>
			<string>4</string>
			<key>isa</key>
			<string>PBXFileReference</string>
			<key>lastKnownFileType</key>
			<string>sourcecode.c.h</string>
			<key>path</key>
			<string>DMLazyScrollView.h</string>
			<key>sourceTree</key>
			<string>&lt;group&gt;</string>
		</dict>
		<key>A3909D4119FD89F200C640E2</key>
		<dict>
			<key>fileEncoding</key>
			<string>4</string>
			<key>isa</key>
			<string>PBXFileReference</string>
			<key>lastKnownFileType</key>
			<string>sourcecode.c.objc</string>
			<key>path</key>
			<string>DMLazyScrollView.m</string>
			<key>sourceTree</key>
			<string>&lt;group&gt;</string>
		</dict>
		<key>A3909D4219FD89F200C640E2</key>
		<dict>
			<key>fileRef</key>
			<string>A3909D4119FD89F200C640E2</string>
			<key>isa</key>
			<string>PBXBuildFile</string>
		</dict>
		<key>A3909D4319FD8A0000C640E2</key>
		<dict>
			<key>fileEncoding</key>
			<string>4</string>
			<key>isa</key>
			<string>PBXFileReference</string>
			<key>lastKnownFileType</key>
			<string>sourcecode.c.h</string>
			<key>path</key>
			<string>SACalendar.h</string>
			<key>sourceTree</key>
			<string>&lt;group&gt;</string>
		</dict>
		<key>A3909D4419FD8A0000C640E2</key>
		<dict>
			<key>fileEncoding</key>
			<string>4</string>
			<key>isa</key>
			<string>PBXFileReference</string>
			<key>lastKnownFileType</key>
			<string>sourcecode.c.objc</string>
			<key>path</key>
			<string>SACalendar.m</string>
			<key>sourceTree</key>
			<string>&lt;group&gt;</string>
		</dict>
		<key>A3909D4519FD8A0000C640E2</key>
		<dict>
			<key>fileEncoding</key>
			<string>4</string>
			<key>isa</key>
			<string>PBXFileReference</string>
			<key>lastKnownFileType</key>
			<string>sourcecode.c.h</string>
			<key>path</key>
			<string>SACalendarCell.h</string>
			<key>sourceTree</key>
			<string>&lt;group&gt;</string>
		</dict>
		<key>A3909D4619FD8A0000C640E2</key>
		<dict>
			<key>fileEncoding</key>
			<string>4</string>
			<key>isa</key>
			<string>PBXFileReference</string>
			<key>lastKnownFileType</key>
			<string>sourcecode.c.objc</string>
			<key>path</key>
			<string>SACalendarCell.m</string>
			<key>sourceTree</key>
			<string>&lt;group&gt;</string>
		</dict>
		<key>A3909D4719FD8A0000C640E2</key>
		<dict>
			<key>fileEncoding</key>
			<string>4</string>
			<key>isa</key>
			<string>PBXFileReference</string>
			<key>lastKnownFileType</key>
			<string>sourcecode.c.h</string>
			<key>path</key>
			<string>SACalendarConstants.h</string>
			<key>sourceTree</key>
			<string>&lt;group&gt;</string>
		</dict>
		<key>A3909D4819FD8A0000C640E2</key>
		<dict>
			<key>fileRef</key>
			<string>A3909D4419FD8A0000C640E2</string>
			<key>isa</key>
			<string>PBXBuildFile</string>
		</dict>
		<key>A3909D4919FD8A0000C640E2</key>
		<dict>
			<key>fileRef</key>
			<string>A3909D4619FD8A0000C640E2</string>
			<key>isa</key>
			<string>PBXBuildFile</string>
		</dict>
		<key>A3909D4A19FD8A0800C640E2</key>
		<dict>
			<key>children</key>
			<array>
				<string>A3909D4B19FD8BF100C640E2</string>
				<string>A3909D4C19FD8BF100C640E2</string>
				<string>A3909D4319FD8A0000C640E2</string>
				<string>A3909D4419FD8A0000C640E2</string>
				<string>A3909D4519FD8A0000C640E2</string>
				<string>A3909D4619FD8A0000C640E2</string>
				<string>A3909D4719FD8A0000C640E2</string>
				<string>A3909D3F19FD89F200C640E2</string>
			</array>
			<key>isa</key>
			<string>PBXGroup</string>
			<key>name</key>
			<string>SACalendar</string>
			<key>sourceTree</key>
			<string>&lt;group&gt;</string>
		</dict>
		<key>A3909D4B19FD8BF100C640E2</key>
		<dict>
			<key>fileEncoding</key>
			<string>4</string>
			<key>isa</key>
			<string>PBXFileReference</string>
			<key>lastKnownFileType</key>
			<string>sourcecode.c.h</string>
			<key>path</key>
			<string>DateUtil.h</string>
			<key>sourceTree</key>
			<string>&lt;group&gt;</string>
		</dict>
		<key>A3909D4C19FD8BF100C640E2</key>
		<dict>
			<key>fileEncoding</key>
			<string>4</string>
			<key>isa</key>
			<string>PBXFileReference</string>
			<key>lastKnownFileType</key>
			<string>sourcecode.c.objc</string>
			<key>path</key>
			<string>DateUtil.m</string>
			<key>sourceTree</key>
			<string>&lt;group&gt;</string>
		</dict>
		<key>A3909D4D19FD8BF100C640E2</key>
		<dict>
			<key>fileRef</key>
			<string>A3909D4C19FD8BF100C640E2</string>
			<key>isa</key>
			<string>PBXBuildFile</string>
		</dict>
		<key>B4820A4E0261E8D463ECB1B9</key>
		<dict>
			<key>fileRef</key>
			<string>542557DF3D518B20213FD004</string>
			<key>isa</key>
			<string>PBXBuildFile</string>
		</dict>
		<key>CB312F4019FC26AE009EFEA9</key>
		<dict>
			<key>children</key>
			<array>
				<string>CB312F6219FC5ECA009EFEA9</string>
				<string>CB312F4319FC3A24009EFEA9</string>
				<string>CB312F4119FC26CD009EFEA9</string>
			</array>
			<key>isa</key>
			<string>PBXGroup</string>
			<key>name</key>
			<string>Test Data</string>
			<key>sourceTree</key>
			<string>&lt;group&gt;</string>
		</dict>
		<key>CB312F4119FC26CD009EFEA9</key>
		<dict>
			<key>isa</key>
			<string>PBXFileReference</string>
			<key>lastKnownFileType</key>
			<string>image.png</string>
			<key>path</key>
			<string>Steve-Carell-Brick-Tamland-Anchorman.png</string>
			<key>sourceTree</key>
			<string>&lt;group&gt;</string>
		</dict>
		<key>CB312F4219FC26CD009EFEA9</key>
		<dict>
			<key>fileRef</key>
			<string>CB312F4119FC26CD009EFEA9</string>
			<key>isa</key>
			<string>PBXBuildFile</string>
		</dict>
		<key>CB312F4319FC3A24009EFEA9</key>
		<dict>
			<key>isa</key>
			<string>PBXFileReference</string>
			<key>lastKnownFileType</key>
			<string>image.png</string>
			<key>path</key>
			<string>edit.png</string>
			<key>sourceTree</key>
			<string>&lt;group&gt;</string>
		</dict>
		<key>CB312F4419FC3A24009EFEA9</key>
		<dict>
			<key>fileRef</key>
			<string>CB312F4319FC3A24009EFEA9</string>
			<key>isa</key>
			<string>PBXBuildFile</string>
		</dict>
		<key>CB312F4519FC412E009EFEA9</key>
		<dict>
			<key>children</key>
			<array>
				<string>CB312F4619FC4157009EFEA9</string>
				<string>CB312F8019FC8F2A009EFEA9</string>
				<string>CB312F8119FC8F2A009EFEA9</string>
				<string>CB312F7D19FC8F2A009EFEA9</string>
				<string>CB312F7E19FC8F2A009EFEA9</string>
				<string>CB312F7A19FC8F2A009EFEA9</string>
				<string>CB312F7B19FC8F2A009EFEA9</string>
				<string>CB312F7419FC6B15009EFEA9</string>
				<string>CB312F7519FC6B15009EFEA9</string>
				<string>CB312F5B19FC4B69009EFEA9</string>
			</array>
			<key>isa</key>
			<string>PBXGroup</string>
			<key>name</key>
			<string>Core Data</string>
			<key>sourceTree</key>
			<string>&lt;group&gt;</string>
		</dict>
		<key>CB312F4619FC4157009EFEA9</key>
		<dict>
			<key>children</key>
			<array>
				<string>CB312F4719FC4157009EFEA9</string>
			</array>
			<key>currentVersion</key>
			<string>CB312F4719FC4157009EFEA9</string>
			<key>isa</key>
			<string>XCVersionGroup</string>
			<key>path</key>
			<string>Model.xcdatamodeld</string>
			<key>sourceTree</key>
			<string>&lt;group&gt;</string>
			<key>versionGroupType</key>
			<string>wrapper.xcdatamodel</string>
		</dict>
		<key>CB312F4719FC4157009EFEA9</key>
		<dict>
			<key>isa</key>
			<string>PBXFileReference</string>
			<key>lastKnownFileType</key>
			<string>wrapper.xcdatamodel</string>
			<key>path</key>
			<string>Model.xcdatamodel</string>
			<key>sourceTree</key>
			<string>&lt;group&gt;</string>
		</dict>
		<key>CB312F4819FC4157009EFEA9</key>
		<dict>
			<key>fileRef</key>
			<string>CB312F4619FC4157009EFEA9</string>
			<key>isa</key>
			<string>PBXBuildFile</string>
		</dict>
		<key>CB312F5B19FC4B69009EFEA9</key>
		<dict>
			<key>isa</key>
			<string>PBXFileReference</string>
			<key>lastKnownFileType</key>
			<string>wrapper.framework</string>
			<key>name</key>
			<string>CoreData.framework</string>
			<key>path</key>
			<string>System/Library/Frameworks/CoreData.framework</string>
			<key>sourceTree</key>
			<string>SDKROOT</string>
		</dict>
		<key>CB312F5C19FC4B69009EFEA9</key>
		<dict>
			<key>fileRef</key>
			<string>CB312F5B19FC4B69009EFEA9</string>
			<key>isa</key>
			<string>PBXBuildFile</string>
		</dict>
		<key>CB312F6219FC5ECA009EFEA9</key>
		<dict>
			<key>isa</key>
			<string>PBXFileReference</string>
			<key>lastKnownFileType</key>
			<string>image.png</string>
			<key>path</key>
			<string>professional-profiles.png</string>
			<key>sourceTree</key>
			<string>SOURCE_ROOT</string>
		</dict>
		<key>CB312F6319FC5ECA009EFEA9</key>
		<dict>
			<key>fileRef</key>
			<string>CB312F6219FC5ECA009EFEA9</string>
			<key>isa</key>
			<string>PBXBuildFile</string>
		</dict>
		<key>CB312F7419FC6B15009EFEA9</key>
		<dict>
			<key>fileEncoding</key>
			<string>4</string>
			<key>isa</key>
			<string>PBXFileReference</string>
			<key>lastKnownFileType</key>
			<string>sourcecode.c.objc</string>
			<key>path</key>
			<string>DataStore.m</string>
			<key>sourceTree</key>
			<string>&lt;group&gt;</string>
		</dict>
		<key>CB312F7519FC6B15009EFEA9</key>
		<dict>
			<key>fileEncoding</key>
			<string>4</string>
			<key>isa</key>
			<string>PBXFileReference</string>
			<key>lastKnownFileType</key>
			<string>sourcecode.c.h</string>
			<key>path</key>
			<string>DataStore.h</string>
			<key>sourceTree</key>
			<string>&lt;group&gt;</string>
		</dict>
		<key>CB312F7619FC6B15009EFEA9</key>
		<dict>
			<key>fileRef</key>
			<string>CB312F7419FC6B15009EFEA9</string>
			<key>isa</key>
			<string>PBXBuildFile</string>
		</dict>
		<key>CB312F7A19FC8F2A009EFEA9</key>
		<dict>
			<key>fileEncoding</key>
			<string>4</string>
			<key>isa</key>
			<string>PBXFileReference</string>
			<key>lastKnownFileType</key>
			<string>sourcecode.c.h</string>
			<key>path</key>
			<string>Person.h</string>
			<key>sourceTree</key>
			<string>&lt;group&gt;</string>
		</dict>
		<key>CB312F7B19FC8F2A009EFEA9</key>
		<dict>
			<key>fileEncoding</key>
			<string>4</string>
			<key>isa</key>
			<string>PBXFileReference</string>
			<key>lastKnownFileType</key>
			<string>sourcecode.c.objc</string>
			<key>path</key>
			<string>Person.m</string>
			<key>sourceTree</key>
			<string>&lt;group&gt;</string>
		</dict>
		<key>CB312F7C19FC8F2A009EFEA9</key>
		<dict>
			<key>fileRef</key>
			<string>CB312F7B19FC8F2A009EFEA9</string>
			<key>isa</key>
			<string>PBXBuildFile</string>
		</dict>
		<key>CB312F7D19FC8F2A009EFEA9</key>
		<dict>
			<key>fileEncoding</key>
			<string>4</string>
			<key>isa</key>
			<string>PBXFileReference</string>
			<key>lastKnownFileType</key>
			<string>sourcecode.c.h</string>
			<key>path</key>
			<string>Program.h</string>
			<key>sourceTree</key>
			<string>&lt;group&gt;</string>
		</dict>
		<key>CB312F7E19FC8F2A009EFEA9</key>
		<dict>
			<key>fileEncoding</key>
			<string>4</string>
			<key>isa</key>
			<string>PBXFileReference</string>
			<key>lastKnownFileType</key>
			<string>sourcecode.c.objc</string>
			<key>path</key>
			<string>Program.m</string>
			<key>sourceTree</key>
			<string>&lt;group&gt;</string>
		</dict>
		<key>CB312F7F19FC8F2A009EFEA9</key>
		<dict>
			<key>fileRef</key>
			<string>CB312F7E19FC8F2A009EFEA9</string>
			<key>isa</key>
			<string>PBXBuildFile</string>
		</dict>
		<key>CB312F8019FC8F2A009EFEA9</key>
		<dict>
			<key>fileEncoding</key>
			<string>4</string>
			<key>isa</key>
			<string>PBXFileReference</string>
			<key>lastKnownFileType</key>
			<string>sourcecode.c.h</string>
			<key>path</key>
			<string>Image.h</string>
			<key>sourceTree</key>
			<string>&lt;group&gt;</string>
		</dict>
		<key>CB312F8119FC8F2A009EFEA9</key>
		<dict>
			<key>fileEncoding</key>
			<string>4</string>
			<key>isa</key>
			<string>PBXFileReference</string>
			<key>lastKnownFileType</key>
			<string>sourcecode.c.objc</string>
			<key>path</key>
			<string>Image.m</string>
			<key>sourceTree</key>
			<string>&lt;group&gt;</string>
		</dict>
		<key>CB312F8219FC8F2A009EFEA9</key>
		<dict>
			<key>fileRef</key>
			<string>CB312F8119FC8F2A009EFEA9</string>
			<key>isa</key>
			<string>PBXBuildFile</string>
		</dict>
		<key>CB312F8919FD6700009EFEA9</key>
		<dict>
			<key>children</key>
			<array>
				<string>CB312F8A19FD674D009EFEA9</string>
				<string>CB312F8B19FD674D009EFEA9</string>
				<string>CB312F8C19FD674D009EFEA9</string>
				<string>CB312FAC19FD91B2009EFEA9</string>
				<string>CB312F8D19FD674D009EFEA9</string>
				<string>CB312F8E19FD674D009EFEA9</string>
			</array>
			<key>isa</key>
			<string>PBXGroup</string>
			<key>name</key>
			<string>Icons</string>
			<key>sourceTree</key>
			<string>&lt;group&gt;</string>
		</dict>
		<key>CB312F8A19FD674D009EFEA9</key>
		<dict>
			<key>isa</key>
			<string>PBXFileReference</string>
			<key>lastKnownFileType</key>
			<string>image.png</string>
			<key>path</key>
			<string>facebook.png</string>
			<key>sourceTree</key>
			<string>&lt;group&gt;</string>
		</dict>
		<key>CB312F8B19FD674D009EFEA9</key>
		<dict>
			<key>isa</key>
			<string>PBXFileReference</string>
			<key>lastKnownFileType</key>
			<string>image.png</string>
			<key>path</key>
			<string>github.png</string>
			<key>sourceTree</key>
			<string>&lt;group&gt;</string>
		</dict>
		<key>CB312F8C19FD674D009EFEA9</key>
		<dict>
			<key>isa</key>
			<string>PBXFileReference</string>
			<key>lastKnownFileType</key>
			<string>image.png</string>
			<key>path</key>
			<string>google_plus.png</string>
			<key>sourceTree</key>
			<string>&lt;group&gt;</string>
		</dict>
		<key>CB312F8D19FD674D009EFEA9</key>
		<dict>
			<key>isa</key>
			<string>PBXFileReference</string>
			<key>lastKnownFileType</key>
			<string>image.png</string>
			<key>path</key>
			<string>linkedin.png</string>
			<key>sourceTree</key>
			<string>&lt;group&gt;</string>
		</dict>
		<key>CB312F8E19FD674D009EFEA9</key>
		<dict>
			<key>isa</key>
			<string>PBXFileReference</string>
			<key>lastKnownFileType</key>
			<string>image.png</string>
			<key>path</key>
			<string>twitter.png</string>
			<key>sourceTree</key>
			<string>&lt;group&gt;</string>
		</dict>
		<key>CB312F8F19FD674D009EFEA9</key>
		<dict>
			<key>fileRef</key>
			<string>CB312F8A19FD674D009EFEA9</string>
			<key>isa</key>
			<string>PBXBuildFile</string>
		</dict>
		<key>CB312F9019FD674D009EFEA9</key>
		<dict>
			<key>fileRef</key>
			<string>CB312F8B19FD674D009EFEA9</string>
			<key>isa</key>
			<string>PBXBuildFile</string>
		</dict>
		<key>CB312F9119FD674D009EFEA9</key>
		<dict>
			<key>fileRef</key>
			<string>CB312F8C19FD674D009EFEA9</string>
			<key>isa</key>
			<string>PBXBuildFile</string>
		</dict>
		<key>CB312F9219FD674D009EFEA9</key>
		<dict>
			<key>fileRef</key>
			<string>CB312F8D19FD674D009EFEA9</string>
			<key>isa</key>
			<string>PBXBuildFile</string>
		</dict>
		<key>CB312F9319FD674D009EFEA9</key>
		<dict>
			<key>fileRef</key>
			<string>CB312F8E19FD674D009EFEA9</string>
			<key>isa</key>
			<string>PBXBuildFile</string>
		</dict>
		<key>CB312FAC19FD91B2009EFEA9</key>
		<dict>
			<key>isa</key>
			<string>PBXFileReference</string>
			<key>lastKnownFileType</key>
			<string>image.png</string>
			<key>path</key>
			<string>twitterGray.png</string>
			<key>sourceTree</key>
			<string>&lt;group&gt;</string>
		</dict>
		<key>CB312FAD19FD91B2009EFEA9</key>
		<dict>
			<key>fileRef</key>
			<string>CB312FAC19FD91B2009EFEA9</string>
			<key>isa</key>
			<string>PBXBuildFile</string>
		</dict>
	</dict>
	<key>rootObject</key>
	<string>A31A077919FC023700017DA9</string>
</dict>
</plist>
