// !$*UTF8*$!
{
	archiveVersion = 1;
	classes = {
	};
	objectVersion = 46;
	objects = {

/* Begin PBXBuildFile section */
		A31A078719FC023700017DA9 /* main.m in Sources */ = {isa = PBXBuildFile; fileRef = A31A078619FC023700017DA9 /* main.m */; };
		A31A078A19FC023700017DA9 /* AppDelegate.m in Sources */ = {isa = PBXBuildFile; fileRef = A31A078919FC023700017DA9 /* AppDelegate.m */; };
		A31A079019FC023700017DA9 /* Main.storyboard in Resources */ = {isa = PBXBuildFile; fileRef = A31A078E19FC023700017DA9 /* Main.storyboard */; };
		A31A079219FC023700017DA9 /* Images.xcassets in Resources */ = {isa = PBXBuildFile; fileRef = A31A079119FC023700017DA9 /* Images.xcassets */; };
		A31A079519FC023700017DA9 /* LaunchScreen.xib in Resources */ = {isa = PBXBuildFile; fileRef = A31A079319FC023700017DA9 /* LaunchScreen.xib */; };
		A31A07A119FC023700017DA9 /* Flatiron_AppTests.m in Sources */ = {isa = PBXBuildFile; fileRef = A31A07A019FC023700017DA9 /* Flatiron_AppTests.m */; };
		A31A07AC19FC090100017DA9 /* ProfileViewController.m in Sources */ = {isa = PBXBuildFile; fileRef = A31A07AB19FC090100017DA9 /* ProfileViewController.m */; };
		A31A07B019FC0A1200017DA9 /* EveryoneTableTableViewController.m in Sources */ = {isa = PBXBuildFile; fileRef = A31A07AF19FC0A1200017DA9 /* EveryoneTableTableViewController.m */; };
		A31A07B319FC0DE800017DA9 /* CalendarViewController.m in Sources */ = {isa = PBXBuildFile; fileRef = A31A07B219FC0DE800017DA9 /* CalendarViewController.m */; };
		A31A07B619FC0EB300017DA9 /* AlertsTableTableViewController.m in Sources */ = {isa = PBXBuildFile; fileRef = A31A07B519FC0EB300017DA9 /* AlertsTableTableViewController.m */; };
		A3A5A42819FC617B00FF9FA4 /* DateUtil.m in Sources */ = {isa = PBXBuildFile; fileRef = A3A5A41F19FC617B00FF9FA4 /* DateUtil.m */; };
		A3A5A42919FC617B00FF9FA4 /* DMLazyScrollView.m in Sources */ = {isa = PBXBuildFile; fileRef = A3A5A42219FC617B00FF9FA4 /* DMLazyScrollView.m */; };
		A3A5A42A19FC617B00FF9FA4 /* SACalendar.m in Sources */ = {isa = PBXBuildFile; fileRef = A3A5A42419FC617B00FF9FA4 /* SACalendar.m */; };
		A3A5A42B19FC617B00FF9FA4 /* SACalendarCell.m in Sources */ = {isa = PBXBuildFile; fileRef = A3A5A42619FC617B00FF9FA4 /* SACalendarCell.m */; };
/* End PBXBuildFile section */

/* Begin PBXContainerItemProxy section */
		A31A079B19FC023700017DA9 /* PBXContainerItemProxy */ = {
			isa = PBXContainerItemProxy;
			containerPortal = A31A077919FC023700017DA9 /* Project object */;
			proxyType = 1;
			remoteGlobalIDString = A31A078019FC023700017DA9;
			remoteInfo = "Flatiron-App";
		};
/* End PBXContainerItemProxy section */

/* Begin PBXFileReference section */
		A31A078119FC023700017DA9 /* Flatiron-App.app */ = {isa = PBXFileReference; explicitFileType = wrapper.application; includeInIndex = 0; path = "Flatiron-App.app"; sourceTree = BUILT_PRODUCTS_DIR; };
		A31A078519FC023700017DA9 /* Info.plist */ = {isa = PBXFileReference; lastKnownFileType = text.plist.xml; path = Info.plist; sourceTree = "<group>"; };
		A31A078619FC023700017DA9 /* main.m */ = {isa = PBXFileReference; lastKnownFileType = sourcecode.c.objc; path = main.m; sourceTree = "<group>"; };
		A31A078819FC023700017DA9 /* AppDelegate.h */ = {isa = PBXFileReference; lastKnownFileType = sourcecode.c.h; path = AppDelegate.h; sourceTree = "<group>"; };
		A31A078919FC023700017DA9 /* AppDelegate.m */ = {isa = PBXFileReference; lastKnownFileType = sourcecode.c.objc; path = AppDelegate.m; sourceTree = "<group>"; };
		A31A078F19FC023700017DA9 /* Base */ = {isa = PBXFileReference; lastKnownFileType = file.storyboard; name = Base; path = Base.lproj/Main.storyboard; sourceTree = "<group>"; };
		A31A079119FC023700017DA9 /* Images.xcassets */ = {isa = PBXFileReference; lastKnownFileType = folder.assetcatalog; path = Images.xcassets; sourceTree = "<group>"; };
		A31A079419FC023700017DA9 /* Base */ = {isa = PBXFileReference; lastKnownFileType = file.xib; name = Base; path = Base.lproj/LaunchScreen.xib; sourceTree = "<group>"; };
		A31A079A19FC023700017DA9 /* Flatiron-AppTests.xctest */ = {isa = PBXFileReference; explicitFileType = wrapper.cfbundle; includeInIndex = 0; path = "Flatiron-AppTests.xctest"; sourceTree = BUILT_PRODUCTS_DIR; };
		A31A079F19FC023700017DA9 /* Info.plist */ = {isa = PBXFileReference; lastKnownFileType = text.plist.xml; path = Info.plist; sourceTree = "<group>"; };
		A31A07A019FC023700017DA9 /* Flatiron_AppTests.m */ = {isa = PBXFileReference; lastKnownFileType = sourcecode.c.objc; path = Flatiron_AppTests.m; sourceTree = "<group>"; };
		A31A07AA19FC090100017DA9 /* ProfileViewController.h */ = {isa = PBXFileReference; fileEncoding = 4; lastKnownFileType = sourcecode.c.h; path = ProfileViewController.h; sourceTree = "<group>"; };
		A31A07AB19FC090100017DA9 /* ProfileViewController.m */ = {isa = PBXFileReference; fileEncoding = 4; lastKnownFileType = sourcecode.c.objc; path = ProfileViewController.m; sourceTree = "<group>"; };
		A31A07AE19FC0A1200017DA9 /* EveryoneTableTableViewController.h */ = {isa = PBXFileReference; fileEncoding = 4; lastKnownFileType = sourcecode.c.h; path = EveryoneTableTableViewController.h; sourceTree = "<group>"; };
		A31A07AF19FC0A1200017DA9 /* EveryoneTableTableViewController.m */ = {isa = PBXFileReference; fileEncoding = 4; lastKnownFileType = sourcecode.c.objc; path = EveryoneTableTableViewController.m; sourceTree = "<group>"; };
		A31A07B119FC0DE800017DA9 /* CalendarViewController.h */ = {isa = PBXFileReference; fileEncoding = 4; lastKnownFileType = sourcecode.c.h; path = CalendarViewController.h; sourceTree = "<group>"; };
		A31A07B219FC0DE800017DA9 /* CalendarViewController.m */ = {isa = PBXFileReference; fileEncoding = 4; lastKnownFileType = sourcecode.c.objc; path = CalendarViewController.m; sourceTree = "<group>"; };
		A31A07B419FC0EB300017DA9 /* AlertsTableTableViewController.h */ = {isa = PBXFileReference; fileEncoding = 4; lastKnownFileType = sourcecode.c.h; path = AlertsTableTableViewController.h; sourceTree = "<group>"; };
		A31A07B519FC0EB300017DA9 /* AlertsTableTableViewController.m */ = {isa = PBXFileReference; fileEncoding = 4; lastKnownFileType = sourcecode.c.objc; path = AlertsTableTableViewController.m; sourceTree = "<group>"; };
		A3A5A41E19FC617B00FF9FA4 /* DateUtil.h */ = {isa = PBXFileReference; fileEncoding = 4; lastKnownFileType = sourcecode.c.h; path = DateUtil.h; sourceTree = "<group>"; };
		A3A5A41F19FC617B00FF9FA4 /* DateUtil.m */ = {isa = PBXFileReference; fileEncoding = 4; lastKnownFileType = sourcecode.c.objc; path = DateUtil.m; sourceTree = "<group>"; };
		A3A5A42119FC617B00FF9FA4 /* DMLazyScrollView.h */ = {isa = PBXFileReference; fileEncoding = 4; lastKnownFileType = sourcecode.c.h; path = DMLazyScrollView.h; sourceTree = "<group>"; };
		A3A5A42219FC617B00FF9FA4 /* DMLazyScrollView.m */ = {isa = PBXFileReference; fileEncoding = 4; lastKnownFileType = sourcecode.c.objc; path = DMLazyScrollView.m; sourceTree = "<group>"; };
		A3A5A42319FC617B00FF9FA4 /* SACalendar.h */ = {isa = PBXFileReference; fileEncoding = 4; lastKnownFileType = sourcecode.c.h; path = SACalendar.h; sourceTree = "<group>"; };
		A3A5A42419FC617B00FF9FA4 /* SACalendar.m */ = {isa = PBXFileReference; fileEncoding = 4; lastKnownFileType = sourcecode.c.objc; path = SACalendar.m; sourceTree = "<group>"; };
		A3A5A42519FC617B00FF9FA4 /* SACalendarCell.h */ = {isa = PBXFileReference; fileEncoding = 4; lastKnownFileType = sourcecode.c.h; path = SACalendarCell.h; sourceTree = "<group>"; };
		A3A5A42619FC617B00FF9FA4 /* SACalendarCell.m */ = {isa = PBXFileReference; fileEncoding = 4; lastKnownFileType = sourcecode.c.objc; path = SACalendarCell.m; sourceTree = "<group>"; };
		A3A5A42719FC617B00FF9FA4 /* SACalendarConstants.h */ = {isa = PBXFileReference; fileEncoding = 4; lastKnownFileType = sourcecode.c.h; path = SACalendarConstants.h; sourceTree = "<group>"; };
/* End PBXFileReference section */

/* Begin PBXFrameworksBuildPhase section */
		A31A077E19FC023700017DA9 /* Frameworks */ = {
			isa = PBXFrameworksBuildPhase;
			buildActionMask = 2147483647;
			files = (
			);
			runOnlyForDeploymentPostprocessing = 0;
		};
		A31A079719FC023700017DA9 /* Frameworks */ = {
			isa = PBXFrameworksBuildPhase;
			buildActionMask = 2147483647;
			files = (
			);
			runOnlyForDeploymentPostprocessing = 0;
		};
/* End PBXFrameworksBuildPhase section */

/* Begin PBXGroup section */
		A31A077819FC023700017DA9 = {
			isa = PBXGroup;
			children = (
				A31A078319FC023700017DA9 /* Flatiron-App */,
				A31A079D19FC023700017DA9 /* Flatiron-AppTests */,
				A31A078219FC023700017DA9 /* Products */,
			);
			sourceTree = "<group>";
		};
		A31A078219FC023700017DA9 /* Products */ = {
			isa = PBXGroup;
			children = (
				A31A078119FC023700017DA9 /* Flatiron-App.app */,
				A31A079A19FC023700017DA9 /* Flatiron-AppTests.xctest */,
			);
			name = Products;
			sourceTree = "<group>";
		};
		A31A078319FC023700017DA9 /* Flatiron-App */ = {
			isa = PBXGroup;
			children = (
				A31A078819FC023700017DA9 /* AppDelegate.h */,
				A31A078919FC023700017DA9 /* AppDelegate.m */,
				A31A078E19FC023700017DA9 /* Main.storyboard */,
				A31A07AD19FC090D00017DA9 /* View Controllers */,
				A31A079119FC023700017DA9 /* Images.xcassets */,
				A31A079319FC023700017DA9 /* LaunchScreen.xib */,
				A3A5A41D19FC616500FF9FA4 /* SACalendar */,
				A31A078419FC023700017DA9 /* Supporting Files */,
			);
			path = "Flatiron-App";
			sourceTree = "<group>";
		};
		A31A078419FC023700017DA9 /* Supporting Files */ = {
			isa = PBXGroup;
			children = (
				A31A078519FC023700017DA9 /* Info.plist */,
				A31A078619FC023700017DA9 /* main.m */,
			);
			name = "Supporting Files";
			sourceTree = "<group>";
		};
		A31A079D19FC023700017DA9 /* Flatiron-AppTests */ = {
			isa = PBXGroup;
			children = (
				A31A07A019FC023700017DA9 /* Flatiron_AppTests.m */,
				A31A079E19FC023700017DA9 /* Supporting Files */,
			);
			path = "Flatiron-AppTests";
			sourceTree = "<group>";
		};
		A31A079E19FC023700017DA9 /* Supporting Files */ = {
			isa = PBXGroup;
			children = (
				A31A079F19FC023700017DA9 /* Info.plist */,
			);
			name = "Supporting Files";
			sourceTree = "<group>";
		};
		A31A07AD19FC090D00017DA9 /* View Controllers */ = {
			isa = PBXGroup;
			children = (
				A31A07AA19FC090100017DA9 /* ProfileViewController.h */,
				A31A07B119FC0DE800017DA9 /* CalendarViewController.h */,
				A31A07B219FC0DE800017DA9 /* CalendarViewController.m */,
				A31A07B419FC0EB300017DA9 /* AlertsTableTableViewController.h */,
				A31A07B519FC0EB300017DA9 /* AlertsTableTableViewController.m */,
				A31A07AB19FC090100017DA9 /* ProfileViewController.m */,
				A31A07AE19FC0A1200017DA9 /* EveryoneTableTableViewController.h */,
				A31A07AF19FC0A1200017DA9 /* EveryoneTableTableViewController.m */,
			);
			name = "View Controllers";
			sourceTree = "<group>";
		};
		A3A5A41D19FC616500FF9FA4 /* SACalendar */ = {
			isa = PBXGroup;
			children = (
				A3A5A41E19FC617B00FF9FA4 /* DateUtil.h */,
				A3A5A41F19FC617B00FF9FA4 /* DateUtil.m */,
				A3A5A42019FC617B00FF9FA4 /* DMLazyScrollView */,
				A3A5A42319FC617B00FF9FA4 /* SACalendar.h */,
				A3A5A42419FC617B00FF9FA4 /* SACalendar.m */,
				A3A5A42519FC617B00FF9FA4 /* SACalendarCell.h */,
				A3A5A42619FC617B00FF9FA4 /* SACalendarCell.m */,
				A3A5A42719FC617B00FF9FA4 /* SACalendarConstants.h */,
			);
			name = SACalendar;
			sourceTree = "<group>";
		};
		A3A5A42019FC617B00FF9FA4 /* DMLazyScrollView */ = {
			isa = PBXGroup;
			children = (
				A3A5A42119FC617B00FF9FA4 /* DMLazyScrollView.h */,
				A3A5A42219FC617B00FF9FA4 /* DMLazyScrollView.m */,
			);
			path = DMLazyScrollView;
			sourceTree = "<group>";
		};
/* End PBXGroup section */

/* Begin PBXNativeTarget section */
		A31A078019FC023700017DA9 /* Flatiron-App */ = {
			isa = PBXNativeTarget;
			buildConfigurationList = A31A07A419FC023700017DA9 /* Build configuration list for PBXNativeTarget "Flatiron-App" */;
			buildPhases = (
				A31A077D19FC023700017DA9 /* Sources */,
				A31A077E19FC023700017DA9 /* Frameworks */,
				A31A077F19FC023700017DA9 /* Resources */,
			);
			buildRules = (
			);
			dependencies = (
			);
			name = "Flatiron-App";
			productName = "Flatiron-App";
			productReference = A31A078119FC023700017DA9 /* Flatiron-App.app */;
			productType = "com.apple.product-type.application";
		};
		A31A079919FC023700017DA9 /* Flatiron-AppTests */ = {
			isa = PBXNativeTarget;
			buildConfigurationList = A31A07A719FC023700017DA9 /* Build configuration list for PBXNativeTarget "Flatiron-AppTests" */;
			buildPhases = (
				A31A079619FC023700017DA9 /* Sources */,
				A31A079719FC023700017DA9 /* Frameworks */,
				A31A079819FC023700017DA9 /* Resources */,
			);
			buildRules = (
			);
			dependencies = (
				A31A079C19FC023700017DA9 /* PBXTargetDependency */,
			);
			name = "Flatiron-AppTests";
			productName = "Flatiron-AppTests";
			productReference = A31A079A19FC023700017DA9 /* Flatiron-AppTests.xctest */;
			productType = "com.apple.product-type.bundle.unit-test";
		};
/* End PBXNativeTarget section */

/* Begin PBXProject section */
		A31A077919FC023700017DA9 /* Project object */ = {
			isa = PBXProject;
			attributes = {
				LastUpgradeCheck = 0600;
				ORGANIZATIONNAME = "Orr Bibring";
				TargetAttributes = {
					A31A078019FC023700017DA9 = {
						CreatedOnToolsVersion = 6.0.1;
					};
					A31A079919FC023700017DA9 = {
						CreatedOnToolsVersion = 6.0.1;
						TestTargetID = A31A078019FC023700017DA9;
					};
				};
			};
			buildConfigurationList = A31A077C19FC023700017DA9 /* Build configuration list for PBXProject "Flatiron-App" */;
			compatibilityVersion = "Xcode 3.2";
			developmentRegion = English;
			hasScannedForEncodings = 0;
			knownRegions = (
				en,
				Base,
			);
			mainGroup = A31A077819FC023700017DA9;
			productRefGroup = A31A078219FC023700017DA9 /* Products */;
			projectDirPath = "";
			projectRoot = "";
			targets = (
				A31A078019FC023700017DA9 /* Flatiron-App */,
				A31A079919FC023700017DA9 /* Flatiron-AppTests */,
			);
		};
/* End PBXProject section */

/* Begin PBXResourcesBuildPhase section */
		A31A077F19FC023700017DA9 /* Resources */ = {
			isa = PBXResourcesBuildPhase;
			buildActionMask = 2147483647;
			files = (
				A31A079019FC023700017DA9 /* Main.storyboard in Resources */,
				A31A079519FC023700017DA9 /* LaunchScreen.xib in Resources */,
				A31A079219FC023700017DA9 /* Images.xcassets in Resources */,
			);
			runOnlyForDeploymentPostprocessing = 0;
		};
		A31A079819FC023700017DA9 /* Resources */ = {
			isa = PBXResourcesBuildPhase;
			buildActionMask = 2147483647;
			files = (
			);
			runOnlyForDeploymentPostprocessing = 0;
		};
/* End PBXResourcesBuildPhase section */

/* Begin PBXSourcesBuildPhase section */
		A31A077D19FC023700017DA9 /* Sources */ = {
			isa = PBXSourcesBuildPhase;
			buildActionMask = 2147483647;
			files = (
				A3A5A42919FC617B00FF9FA4 /* DMLazyScrollView.m in Sources */,
				A31A078A19FC023700017DA9 /* AppDelegate.m in Sources */,
				A31A07AC19FC090100017DA9 /* ProfileViewController.m in Sources */,
				A31A078719FC023700017DA9 /* main.m in Sources */,
				A3A5A42819FC617B00FF9FA4 /* DateUtil.m in Sources */,
				A31A07B319FC0DE800017DA9 /* CalendarViewController.m in Sources */,
				A31A07B619FC0EB300017DA9 /* AlertsTableTableViewController.m in Sources */,
				A31A07B019FC0A1200017DA9 /* EveryoneTableTableViewController.m in Sources */,
				A3A5A42A19FC617B00FF9FA4 /* SACalendar.m in Sources */,
				A3A5A42B19FC617B00FF9FA4 /* SACalendarCell.m in Sources */,
			);
			runOnlyForDeploymentPostprocessing = 0;
		};
		A31A079619FC023700017DA9 /* Sources */ = {
			isa = PBXSourcesBuildPhase;
			buildActionMask = 2147483647;
			files = (
				A31A07A119FC023700017DA9 /* Flatiron_AppTests.m in Sources */,
			);
			runOnlyForDeploymentPostprocessing = 0;
		};
/* End PBXSourcesBuildPhase section */

/* Begin PBXTargetDependency section */
		A31A079C19FC023700017DA9 /* PBXTargetDependency */ = {
			isa = PBXTargetDependency;
			target = A31A078019FC023700017DA9 /* Flatiron-App */;
			targetProxy = A31A079B19FC023700017DA9 /* PBXContainerItemProxy */;
		};
/* End PBXTargetDependency section */

/* Begin PBXVariantGroup section */
		A31A078E19FC023700017DA9 /* Main.storyboard */ = {
			isa = PBXVariantGroup;
			children = (
				A31A078F19FC023700017DA9 /* Base */,
			);
			name = Main.storyboard;
			sourceTree = "<group>";
		};
		A31A079319FC023700017DA9 /* LaunchScreen.xib */ = {
			isa = PBXVariantGroup;
			children = (
				A31A079419FC023700017DA9 /* Base */,
			);
			name = LaunchScreen.xib;
			sourceTree = "<group>";
		};
/* End PBXVariantGroup section */

/* Begin XCBuildConfiguration section */
		A31A07A219FC023700017DA9 /* Debug */ = {
			isa = XCBuildConfiguration;
			buildSettings = {
				ALWAYS_SEARCH_USER_PATHS = NO;
				CLANG_CXX_LANGUAGE_STANDARD = "gnu++0x";
				CLANG_CXX_LIBRARY = "libc++";
				CLANG_ENABLE_MODULES = YES;
				CLANG_ENABLE_OBJC_ARC = YES;
				CLANG_WARN_BOOL_CONVERSION = YES;
				CLANG_WARN_CONSTANT_CONVERSION = YES;
				CLANG_WARN_DIRECT_OBJC_ISA_USAGE = YES_ERROR;
				CLANG_WARN_EMPTY_BODY = YES;
				CLANG_WARN_ENUM_CONVERSION = YES;
				CLANG_WARN_INT_CONVERSION = YES;
				CLANG_WARN_OBJC_ROOT_CLASS = YES_ERROR;
				CLANG_WARN_UNREACHABLE_CODE = YES;
				CLANG_WARN__DUPLICATE_METHOD_MATCH = YES;
				"CODE_SIGN_IDENTITY[sdk=iphoneos*]" = "iPhone Developer";
				COPY_PHASE_STRIP = NO;
				ENABLE_STRICT_OBJC_MSGSEND = YES;
				GCC_C_LANGUAGE_STANDARD = gnu99;
				GCC_DYNAMIC_NO_PIC = NO;
				GCC_OPTIMIZATION_LEVEL = 0;
				GCC_PREPROCESSOR_DEFINITIONS = (
					"DEBUG=1",
					"$(inherited)",
				);
				GCC_SYMBOLS_PRIVATE_EXTERN = NO;
				GCC_WARN_64_TO_32_BIT_CONVERSION = YES;
				GCC_WARN_ABOUT_RETURN_TYPE = YES_ERROR;
				GCC_WARN_UNDECLARED_SELECTOR = YES;
				GCC_WARN_UNINITIALIZED_AUTOS = YES_AGGRESSIVE;
				GCC_WARN_UNUSED_FUNCTION = YES;
				GCC_WARN_UNUSED_VARIABLE = YES;
				IPHONEOS_DEPLOYMENT_TARGET = 8.0;
				MTL_ENABLE_DEBUG_INFO = YES;
				ONLY_ACTIVE_ARCH = YES;
				SDKROOT = iphoneos;
			};
			name = Debug;
		};
		A31A07A319FC023700017DA9 /* Release */ = {
			isa = XCBuildConfiguration;
			buildSettings = {
				ALWAYS_SEARCH_USER_PATHS = NO;
				CLANG_CXX_LANGUAGE_STANDARD = "gnu++0x";
				CLANG_CXX_LIBRARY = "libc++";
				CLANG_ENABLE_MODULES = YES;
				CLANG_ENABLE_OBJC_ARC = YES;
				CLANG_WARN_BOOL_CONVERSION = YES;
				CLANG_WARN_CONSTANT_CONVERSION = YES;
				CLANG_WARN_DIRECT_OBJC_ISA_USAGE = YES_ERROR;
				CLANG_WARN_EMPTY_BODY = YES;
				CLANG_WARN_ENUM_CONVERSION = YES;
				CLANG_WARN_INT_CONVERSION = YES;
				CLANG_WARN_OBJC_ROOT_CLASS = YES_ERROR;
				CLANG_WARN_UNREACHABLE_CODE = YES;
				CLANG_WARN__DUPLICATE_METHOD_MATCH = YES;
				"CODE_SIGN_IDENTITY[sdk=iphoneos*]" = "iPhone Developer";
				COPY_PHASE_STRIP = YES;
				ENABLE_NS_ASSERTIONS = NO;
				ENABLE_STRICT_OBJC_MSGSEND = YES;
				GCC_C_LANGUAGE_STANDARD = gnu99;
				GCC_WARN_64_TO_32_BIT_CONVERSION = YES;
				GCC_WARN_ABOUT_RETURN_TYPE = YES_ERROR;
				GCC_WARN_UNDECLARED_SELECTOR = YES;
				GCC_WARN_UNINITIALIZED_AUTOS = YES_AGGRESSIVE;
				GCC_WARN_UNUSED_FUNCTION = YES;
				GCC_WARN_UNUSED_VARIABLE = YES;
				IPHONEOS_DEPLOYMENT_TARGET = 8.0;
				MTL_ENABLE_DEBUG_INFO = NO;
				SDKROOT = iphoneos;
				VALIDATE_PRODUCT = YES;
			};
			name = Release;
		};
		A31A07A519FC023700017DA9 /* Debug */ = {
			isa = XCBuildConfiguration;
			buildSettings = {
				ASSETCATALOG_COMPILER_APPICON_NAME = AppIcon;
				INFOPLIST_FILE = "Flatiron-App/Info.plist";
				LD_RUNPATH_SEARCH_PATHS = "$(inherited) @executable_path/Frameworks";
				PRODUCT_NAME = "$(TARGET_NAME)";
			};
			name = Debug;
		};
		A31A07A619FC023700017DA9 /* Release */ = {
			isa = XCBuildConfiguration;
			buildSettings = {
				ASSETCATALOG_COMPILER_APPICON_NAME = AppIcon;
				INFOPLIST_FILE = "Flatiron-App/Info.plist";
				LD_RUNPATH_SEARCH_PATHS = "$(inherited) @executable_path/Frameworks";
				PRODUCT_NAME = "$(TARGET_NAME)";
			};
			name = Release;
		};
		A31A07A819FC023700017DA9 /* Debug */ = {
			isa = XCBuildConfiguration;
			buildSettings = {
				BUNDLE_LOADER = "$(TEST_HOST)";
				FRAMEWORK_SEARCH_PATHS = (
					"$(SDKROOT)/Developer/Library/Frameworks",
					"$(inherited)",
				);
				GCC_PREPROCESSOR_DEFINITIONS = (
					"DEBUG=1",
					"$(inherited)",
				);
				INFOPLIST_FILE = "Flatiron-AppTests/Info.plist";
				LD_RUNPATH_SEARCH_PATHS = "$(inherited) @executable_path/Frameworks @loader_path/Frameworks";
				PRODUCT_NAME = "$(TARGET_NAME)";
				TEST_HOST = "$(BUILT_PRODUCTS_DIR)/Flatiron-App.app/Flatiron-App";
			};
			name = Debug;
		};
		A31A07A919FC023700017DA9 /* Release */ = {
			isa = XCBuildConfiguration;
			buildSettings = {
				BUNDLE_LOADER = "$(TEST_HOST)";
				FRAMEWORK_SEARCH_PATHS = (
					"$(SDKROOT)/Developer/Library/Frameworks",
					"$(inherited)",
				);
				INFOPLIST_FILE = "Flatiron-AppTests/Info.plist";
				LD_RUNPATH_SEARCH_PATHS = "$(inherited) @executable_path/Frameworks @loader_path/Frameworks";
				PRODUCT_NAME = "$(TARGET_NAME)";
				TEST_HOST = "$(BUILT_PRODUCTS_DIR)/Flatiron-App.app/Flatiron-App";
			};
			name = Release;
		};
/* End XCBuildConfiguration section */

/* Begin XCConfigurationList section */
		A31A077C19FC023700017DA9 /* Build configuration list for PBXProject "Flatiron-App" */ = {
			isa = XCConfigurationList;
			buildConfigurations = (
				A31A07A219FC023700017DA9 /* Debug */,
				A31A07A319FC023700017DA9 /* Release */,
			);
			defaultConfigurationIsVisible = 0;
			defaultConfigurationName = Release;
		};
		A31A07A419FC023700017DA9 /* Build configuration list for PBXNativeTarget "Flatiron-App" */ = {
			isa = XCConfigurationList;
			buildConfigurations = (
				A31A07A519FC023700017DA9 /* Debug */,
				A31A07A619FC023700017DA9 /* Release */,
			);
			defaultConfigurationIsVisible = 0;
			defaultConfigurationName = Release;
		};
		A31A07A719FC023700017DA9 /* Build configuration list for PBXNativeTarget "Flatiron-AppTests" */ = {
			isa = XCConfigurationList;
			buildConfigurations = (
				A31A07A819FC023700017DA9 /* Debug */,
				A31A07A919FC023700017DA9 /* Release */,
			);
			defaultConfigurationIsVisible = 0;
			defaultConfigurationName = Release;
		};
/* End XCConfigurationList section */
	};
	rootObject = A31A077919FC023700017DA9 /* Project object */;
}
